// !$*UTF8*$!
{
	archiveVersion = 1;
	classes = {
	};
	objectVersion = 46;
	objects = {

/* Begin PBXBuildFile section */
		833281CE182CF1C4005BAB1C /* Foundation.framework in Frameworks */ = {isa = PBXBuildFile; fileRef = 83AAF56B182A16B600E0611C /* Foundation.framework */; };
		833281D3182CF1C5005BAB1C /* CBinsertScreenSDK.h in CopyFiles */ = {isa = PBXBuildFile; fileRef = 833281D2182CF1C5005BAB1C /* CBinsertScreenSDK.h */; };
		833281D5182CF1C5005BAB1C /* CBinsertScreenSDK.m in Sources */ = {isa = PBXBuildFile; fileRef = 833281D4182CF1C5005BAB1C /* CBinsertScreenSDK.m */; };
		833281D9182CF4C5005BAB1C /* libCBinsertScreenSDK.a in Frameworks */ = {isa = PBXBuildFile; fileRef = 833281CD182CF1C4005BAB1C /* libCBinsertScreenSDK.a */; };
		8334D488182CB33200AD765A /* SDImageCache.m in Sources */ = {isa = PBXBuildFile; fileRef = 8334D47B182CB33200AD765A /* SDImageCache.m */; settings = {COMPILER_FLAGS = "-fno-objc-arc"; }; };
		8334D489182CB33200AD765A /* SDWebImageDownloader.m in Sources */ = {isa = PBXBuildFile; fileRef = 8334D47F182CB33200AD765A /* SDWebImageDownloader.m */; settings = {COMPILER_FLAGS = "-fno-objc-arc"; }; };
		8334D48A182CB33200AD765A /* SDWebImageManager.m in Sources */ = {isa = PBXBuildFile; fileRef = 8334D482182CB33200AD765A /* SDWebImageManager.m */; settings = {COMPILER_FLAGS = "-fno-objc-arc"; }; };
		8334D48B182CB33200AD765A /* UIButton+WebCache.m in Sources */ = {isa = PBXBuildFile; fileRef = 8334D485182CB33200AD765A /* UIButton+WebCache.m */; settings = {COMPILER_FLAGS = "-fno-objc-arc"; }; };
		8334D48C182CB33200AD765A /* UIImageView+WebCache.m in Sources */ = {isa = PBXBuildFile; fileRef = 8334D487182CB33200AD765A /* UIImageView+WebCache.m */; settings = {COMPILER_FLAGS = "-fno-objc-arc"; }; };
		83AAF56A182A16B600E0611C /* UIKit.framework in Frameworks */ = {isa = PBXBuildFile; fileRef = 83AAF569182A16B600E0611C /* UIKit.framework */; };
		83AAF56C182A16B600E0611C /* Foundation.framework in Frameworks */ = {isa = PBXBuildFile; fileRef = 83AAF56B182A16B600E0611C /* Foundation.framework */; };
		83AAF56E182A16B600E0611C /* CoreGraphics.framework in Frameworks */ = {isa = PBXBuildFile; fileRef = 83AAF56D182A16B600E0611C /* CoreGraphics.framework */; };
		83AAF574182A16B600E0611C /* InfoPlist.strings in Resources */ = {isa = PBXBuildFile; fileRef = 83AAF572182A16B600E0611C /* InfoPlist.strings */; };
		83AAF576182A16B600E0611C /* main.m in Sources */ = {isa = PBXBuildFile; fileRef = 83AAF575182A16B600E0611C /* main.m */; };
		83AAF57A182A16B600E0611C /* CBAppDelegate.m in Sources */ = {isa = PBXBuildFile; fileRef = 83AAF579182A16B600E0611C /* CBAppDelegate.m */; };
		83AAF57C182A16B600E0611C /* Default.png in Resources */ = {isa = PBXBuildFile; fileRef = 83AAF57B182A16B600E0611C /* Default.png */; };
		83AAF57E182A16B600E0611C /* Default@2x.png in Resources */ = {isa = PBXBuildFile; fileRef = 83AAF57D182A16B600E0611C /* Default@2x.png */; };
		83AAF580182A16B600E0611C /* Default-568h@2x.png in Resources */ = {isa = PBXBuildFile; fileRef = 83AAF57F182A16B600E0611C /* Default-568h@2x.png */; };
		83AAF5E6182A176D00E0611C /* CBInsertScreen.m in Sources */ = {isa = PBXBuildFile; fileRef = 83AAF597182A176C00E0611C /* CBInsertScreen.m */; };
		83AAF5E7182A176D00E0611C /* CBInsertUtils.m in Sources */ = {isa = PBXBuildFile; fileRef = 83AAF599182A176C00E0611C /* CBInsertUtils.m */; };
		83AAF5E8182A176D00E0611C /* CBGPSEngine.m in Sources */ = {isa = PBXBuildFile; fileRef = 83AAF59C182A176C00E0611C /* CBGPSEngine.m */; };
		83AAF5E9182A176D00E0611C /* CBAdvertisementModel.m in Sources */ = {isa = PBXBuildFile; fileRef = 83AAF59E182A176C00E0611C /* CBAdvertisementModel.m */; };
		83AAF5EA182A176D00E0611C /* CBNetWorkEngine.m in Sources */ = {isa = PBXBuildFile; fileRef = 83AAF5A0182A176C00E0611C /* CBNetWorkEngine.m */; };
		83AAF5EB182A176D00E0611C /* CBScreenView.m in Sources */ = {isa = PBXBuildFile; fileRef = 83AAF5A2182A176C00E0611C /* CBScreenView.m */; };
		83AAF5EC182A176D00E0611C /* Entitlements.plist in Resources */ = {isa = PBXBuildFile; fileRef = 83AAF5A3182A176C00E0611C /* Entitlements.plist */; };
		83AAF5EF182A176D00E0611C /* 500-500_1.jpg in Resources */ = {isa = PBXBuildFile; fileRef = 83AAF5A9182A176C00E0611C /* 500-500_1.jpg */; };
		83AAF5F0182A176D00E0611C /* 500-500_2.jpg in Resources */ = {isa = PBXBuildFile; fileRef = 83AAF5AA182A176C00E0611C /* 500-500_2.jpg */; };
		83AAF5F1182A176D00E0611C /* 500-500_3.jpg in Resources */ = {isa = PBXBuildFile; fileRef = 83AAF5AB182A176C00E0611C /* 500-500_3.jpg */; };
		83AAF5F2182A176D00E0611C /* ad_dtop_closebtn.png in Resources */ = {isa = PBXBuildFile; fileRef = 83AAF5AC182A176C00E0611C /* ad_dtop_closebtn.png */; };
		83AAF5F3182A176D00E0611C /* ad_sc_circle.png in Resources */ = {isa = PBXBuildFile; fileRef = 83AAF5AD182A176C00E0611C /* ad_sc_circle.png */; };
		83AAF5F4182A176D00E0611C /* NSAlert+MKNetworkKitAdditions.m in Sources */ = {isa = PBXBuildFile; fileRef = 83AAF5B2182A176C00E0611C /* NSAlert+MKNetworkKitAdditions.m */; };
		83AAF5F5182A176D00E0611C /* NSData+Base64.m in Sources */ = {isa = PBXBuildFile; fileRef = 83AAF5B4182A176C00E0611C /* NSData+Base64.m */; };
		83AAF5F6182A176D00E0611C /* NSDate+RFC1123.m in Sources */ = {isa = PBXBuildFile; fileRef = 83AAF5B6182A176C00E0611C /* NSDate+RFC1123.m */; };
		83AAF5F7182A176D00E0611C /* NSDictionary+RequestEncoding.m in Sources */ = {isa = PBXBuildFile; fileRef = 83AAF5B8182A176C00E0611C /* NSDictionary+RequestEncoding.m */; };
		83AAF5F8182A176D00E0611C /* NSString+MKNetworkKitAdditions.m in Sources */ = {isa = PBXBuildFile; fileRef = 83AAF5BA182A176C00E0611C /* NSString+MKNetworkKitAdditions.m */; };
		83AAF5F9182A176D00E0611C /* UIAlertView+MKNetworkKitAdditions.m in Sources */ = {isa = PBXBuildFile; fileRef = 83AAF5BC182A176C00E0611C /* UIAlertView+MKNetworkKitAdditions.m */; };
		83AAF5FA182A176D00E0611C /* MKNetworkEngine.m in Sources */ = {isa = PBXBuildFile; fileRef = 83AAF5BE182A176C00E0611C /* MKNetworkEngine.m */; };
		83AAF5FB182A176D00E0611C /* MKNetworkOperation.m in Sources */ = {isa = PBXBuildFile; fileRef = 83AAF5C1182A176C00E0611C /* MKNetworkOperation.m */; };
		83AAF5FC182A176D00E0611C /* Reachability.m in Sources */ = {isa = PBXBuildFile; fileRef = 83AAF5C4182A176C00E0611C /* Reachability.m */; };
		83AAF5FD182A176D00E0611C /* OpenUDID.m in Sources */ = {isa = PBXBuildFile; fileRef = 83AAF5C7182A176C00E0611C /* OpenUDID.m */; settings = {COMPILER_FLAGS = "-fno-objc-arc"; }; };
		83AAF60D182A17BF00E0611C /* CoreTelephony.framework in Frameworks */ = {isa = PBXBuildFile; fileRef = 83AAF60C182A17BF00E0611C /* CoreTelephony.framework */; };
		83AAF60F182A17D300E0611C /* MapKit.framework in Frameworks */ = {isa = PBXBuildFile; fileRef = 83AAF60E182A17D300E0611C /* MapKit.framework */; };
		83AAF611182A17EE00E0611C /* CoreLocation.framework in Frameworks */ = {isa = PBXBuildFile; fileRef = 83AAF610182A17EE00E0611C /* CoreLocation.framework */; };
		83AAF613182A17F700E0611C /* CFNetwork.framework in Frameworks */ = {isa = PBXBuildFile; fileRef = 83AAF612182A17F700E0611C /* CFNetwork.framework */; };
		83AAF615182A17FD00E0611C /* SystemConfiguration.framework in Frameworks */ = {isa = PBXBuildFile; fileRef = 83AAF614182A17FD00E0611C /* SystemConfiguration.framework */; };
		83AAF617182A180700E0611C /* Security.framework in Frameworks */ = {isa = PBXBuildFile; fileRef = 83AAF616182A180700E0611C /* Security.framework */; };
		83AAF619182A181B00E0611C /* AdSupport.framework in Frameworks */ = {isa = PBXBuildFile; fileRef = 83AAF618182A181B00E0611C /* AdSupport.framework */; };
		83AAF61B182A182400E0611C /* ImageIO.framework in Frameworks */ = {isa = PBXBuildFile; fileRef = 83AAF61A182A182400E0611C /* ImageIO.framework */; };
		83AAF622182A19B100E0611C /* CBDomeViewController.m in Sources */ = {isa = PBXBuildFile; fileRef = 83AAF620182A19B100E0611C /* CBDomeViewController.m */; };
		83AAF623182A19B100E0611C /* CBDomeViewController.xib in Resources */ = {isa = PBXBuildFile; fileRef = 83AAF621182A19B100E0611C /* CBDomeViewController.xib */; };
/* End PBXBuildFile section */

/* Begin PBXCopyFilesBuildPhase section */
		833281CB182CF1C4005BAB1C /* CopyFiles */ = {
			isa = PBXCopyFilesBuildPhase;
			buildActionMask = 2147483647;
			dstPath = "include/${PRODUCT_NAME}";
			dstSubfolderSpec = 16;
			files = (
				833281D3182CF1C5005BAB1C /* CBinsertScreenSDK.h in CopyFiles */,
			);
			runOnlyForDeploymentPostprocessing = 0;
		};
/* End PBXCopyFilesBuildPhase section */

/* Begin PBXFileReference section */
		833281CD182CF1C4005BAB1C /* libCBinsertScreenSDK.a */ = {isa = PBXFileReference; explicitFileType = archive.ar; includeInIndex = 0; path = libCBinsertScreenSDK.a; sourceTree = BUILT_PRODUCTS_DIR; };
		833281D1182CF1C5005BAB1C /* CBinsertScreenSDK-Prefix.pch */ = {isa = PBXFileReference; lastKnownFileType = sourcecode.c.h; path = "CBinsertScreenSDK-Prefix.pch"; sourceTree = "<group>"; };
		833281D2182CF1C5005BAB1C /* CBinsertScreenSDK.h */ = {isa = PBXFileReference; lastKnownFileType = sourcecode.c.h; path = CBinsertScreenSDK.h; sourceTree = "<group>"; };
		833281D4182CF1C5005BAB1C /* CBinsertScreenSDK.m */ = {isa = PBXFileReference; lastKnownFileType = sourcecode.c.objc; path = CBinsertScreenSDK.m; sourceTree = "<group>"; };
		8334D47A182CB33200AD765A /* SDImageCache.h */ = {isa = PBXFileReference; fileEncoding = 4; lastKnownFileType = sourcecode.c.h; path = SDImageCache.h; sourceTree = "<group>"; };
		8334D47B182CB33200AD765A /* SDImageCache.m */ = {isa = PBXFileReference; fileEncoding = 4; lastKnownFileType = sourcecode.c.objc; path = SDImageCache.m; sourceTree = "<group>"; };
		8334D47C182CB33200AD765A /* SDImageCacheDelegate.h */ = {isa = PBXFileReference; fileEncoding = 4; lastKnownFileType = sourcecode.c.h; path = SDImageCacheDelegate.h; sourceTree = "<group>"; };
		8334D47D182CB33200AD765A /* SDWebImageCompat.h */ = {isa = PBXFileReference; fileEncoding = 4; lastKnownFileType = sourcecode.c.h; path = SDWebImageCompat.h; sourceTree = "<group>"; };
		8334D47E182CB33200AD765A /* SDWebImageDownloader.h */ = {isa = PBXFileReference; fileEncoding = 4; lastKnownFileType = sourcecode.c.h; path = SDWebImageDownloader.h; sourceTree = "<group>"; };
		8334D47F182CB33200AD765A /* SDWebImageDownloader.m */ = {isa = PBXFileReference; fileEncoding = 4; lastKnownFileType = sourcecode.c.objc; path = SDWebImageDownloader.m; sourceTree = "<group>"; };
		8334D480182CB33200AD765A /* SDWebImageDownloaderDelegate.h */ = {isa = PBXFileReference; fileEncoding = 4; lastKnownFileType = sourcecode.c.h; path = SDWebImageDownloaderDelegate.h; sourceTree = "<group>"; };
		8334D481182CB33200AD765A /* SDWebImageManager.h */ = {isa = PBXFileReference; fileEncoding = 4; lastKnownFileType = sourcecode.c.h; path = SDWebImageManager.h; sourceTree = "<group>"; };
		8334D482182CB33200AD765A /* SDWebImageManager.m */ = {isa = PBXFileReference; fileEncoding = 4; lastKnownFileType = sourcecode.c.objc; path = SDWebImageManager.m; sourceTree = "<group>"; };
		8334D483182CB33200AD765A /* SDWebImageManagerDelegate.h */ = {isa = PBXFileReference; fileEncoding = 4; lastKnownFileType = sourcecode.c.h; path = SDWebImageManagerDelegate.h; sourceTree = "<group>"; };
		8334D484182CB33200AD765A /* UIButton+WebCache.h */ = {isa = PBXFileReference; fileEncoding = 4; lastKnownFileType = sourcecode.c.h; path = "UIButton+WebCache.h"; sourceTree = "<group>"; };
		8334D485182CB33200AD765A /* UIButton+WebCache.m */ = {isa = PBXFileReference; fileEncoding = 4; lastKnownFileType = sourcecode.c.objc; path = "UIButton+WebCache.m"; sourceTree = "<group>"; };
		8334D486182CB33200AD765A /* UIImageView+WebCache.h */ = {isa = PBXFileReference; fileEncoding = 4; lastKnownFileType = sourcecode.c.h; path = "UIImageView+WebCache.h"; sourceTree = "<group>"; };
		8334D487182CB33200AD765A /* UIImageView+WebCache.m */ = {isa = PBXFileReference; fileEncoding = 4; lastKnownFileType = sourcecode.c.objc; path = "UIImageView+WebCache.m"; sourceTree = "<group>"; };
		83AAF566182A16B600E0611C /* CBInsertScreenSDKDome.app */ = {isa = PBXFileReference; explicitFileType = wrapper.application; includeInIndex = 0; path = CBInsertScreenSDKDome.app; sourceTree = BUILT_PRODUCTS_DIR; };
		83AAF569182A16B600E0611C /* UIKit.framework */ = {isa = PBXFileReference; lastKnownFileType = wrapper.framework; name = UIKit.framework; path = System/Library/Frameworks/UIKit.framework; sourceTree = SDKROOT; };
		83AAF56B182A16B600E0611C /* Foundation.framework */ = {isa = PBXFileReference; lastKnownFileType = wrapper.framework; name = Foundation.framework; path = System/Library/Frameworks/Foundation.framework; sourceTree = SDKROOT; };
		83AAF56D182A16B600E0611C /* CoreGraphics.framework */ = {isa = PBXFileReference; lastKnownFileType = wrapper.framework; name = CoreGraphics.framework; path = System/Library/Frameworks/CoreGraphics.framework; sourceTree = SDKROOT; };
		83AAF571182A16B600E0611C /* CBInsertScreenSDKDome-Info.plist */ = {isa = PBXFileReference; lastKnownFileType = text.plist.xml; path = "CBInsertScreenSDKDome-Info.plist"; sourceTree = "<group>"; };
		83AAF573182A16B600E0611C /* en */ = {isa = PBXFileReference; lastKnownFileType = text.plist.strings; name = en; path = en.lproj/InfoPlist.strings; sourceTree = "<group>"; };
		83AAF575182A16B600E0611C /* main.m */ = {isa = PBXFileReference; lastKnownFileType = sourcecode.c.objc; path = main.m; sourceTree = "<group>"; };
		83AAF577182A16B600E0611C /* CBInsertScreenSDKDome-Prefix.pch */ = {isa = PBXFileReference; lastKnownFileType = sourcecode.c.h; path = "CBInsertScreenSDKDome-Prefix.pch"; sourceTree = "<group>"; };
		83AAF578182A16B600E0611C /* CBAppDelegate.h */ = {isa = PBXFileReference; lastKnownFileType = sourcecode.c.h; path = CBAppDelegate.h; sourceTree = "<group>"; };
		83AAF579182A16B600E0611C /* CBAppDelegate.m */ = {isa = PBXFileReference; lastKnownFileType = sourcecode.c.objc; path = CBAppDelegate.m; sourceTree = "<group>"; };
		83AAF57B182A16B600E0611C /* Default.png */ = {isa = PBXFileReference; lastKnownFileType = image.png; path = Default.png; sourceTree = "<group>"; };
		83AAF57D182A16B600E0611C /* Default@2x.png */ = {isa = PBXFileReference; lastKnownFileType = image.png; path = "Default@2x.png"; sourceTree = "<group>"; };
		83AAF57F182A16B600E0611C /* Default-568h@2x.png */ = {isa = PBXFileReference; lastKnownFileType = image.png; path = "Default-568h@2x.png"; sourceTree = "<group>"; };
		83AAF588182A176C00E0611C /* CBInsertScreen.h */ = {isa = PBXFileReference; fileEncoding = 4; lastKnownFileType = sourcecode.c.h; path = CBInsertScreen.h; sourceTree = "<group>"; };
		83AAF58A182A176C00E0611C /* CBInsert.h */ = {isa = PBXFileReference; fileEncoding = 4; lastKnownFileType = sourcecode.c.h; path = CBInsert.h; sourceTree = "<group>"; };
		83AAF58B182A176C00E0611C /* CBInsertUtils.h */ = {isa = PBXFileReference; fileEncoding = 4; lastKnownFileType = sourcecode.c.h; path = CBInsertUtils.h; sourceTree = "<group>"; };
		83AAF58E182A176C00E0611C /* CBGPSEngine.h */ = {isa = PBXFileReference; fileEncoding = 4; lastKnownFileType = sourcecode.c.h; path = CBGPSEngine.h; sourceTree = "<group>"; };
		83AAF58F182A176C00E0611C /* InsertScreen.h */ = {isa = PBXFileReference; fileEncoding = 4; lastKnownFileType = sourcecode.c.h; path = InsertScreen.h; sourceTree = "<group>"; };
		83AAF591182A176C00E0611C /* CBAdvertisementModel.h */ = {isa = PBXFileReference; fileEncoding = 4; lastKnownFileType = sourcecode.c.h; path = CBAdvertisementModel.h; sourceTree = "<group>"; };
		83AAF593182A176C00E0611C /* CBNetWorkEngine.h */ = {isa = PBXFileReference; fileEncoding = 4; lastKnownFileType = sourcecode.c.h; path = CBNetWorkEngine.h; sourceTree = "<group>"; };
		83AAF595182A176C00E0611C /* CBScreenView.h */ = {isa = PBXFileReference; fileEncoding = 4; lastKnownFileType = sourcecode.c.h; path = CBScreenView.h; sourceTree = "<group>"; };
		83AAF597182A176C00E0611C /* CBInsertScreen.m */ = {isa = PBXFileReference; fileEncoding = 4; lastKnownFileType = sourcecode.c.objc; path = CBInsertScreen.m; sourceTree = "<group>"; };
		83AAF599182A176C00E0611C /* CBInsertUtils.m */ = {isa = PBXFileReference; fileEncoding = 4; lastKnownFileType = sourcecode.c.objc; path = CBInsertUtils.m; sourceTree = "<group>"; };
		83AAF59C182A176C00E0611C /* CBGPSEngine.m */ = {isa = PBXFileReference; fileEncoding = 4; lastKnownFileType = sourcecode.c.objc; path = CBGPSEngine.m; sourceTree = "<group>"; };
		83AAF59E182A176C00E0611C /* CBAdvertisementModel.m */ = {isa = PBXFileReference; fileEncoding = 4; lastKnownFileType = sourcecode.c.objc; path = CBAdvertisementModel.m; sourceTree = "<group>"; };
		83AAF5A0182A176C00E0611C /* CBNetWorkEngine.m */ = {isa = PBXFileReference; fileEncoding = 4; lastKnownFileType = sourcecode.c.objc; path = CBNetWorkEngine.m; sourceTree = "<group>"; };
		83AAF5A2182A176C00E0611C /* CBScreenView.m */ = {isa = PBXFileReference; fileEncoding = 4; lastKnownFileType = sourcecode.c.objc; path = CBScreenView.m; sourceTree = "<group>"; };
		83AAF5A3182A176C00E0611C /* Entitlements.plist */ = {isa = PBXFileReference; fileEncoding = 4; lastKnownFileType = text.plist.xml; path = Entitlements.plist; sourceTree = "<group>"; };
		83AAF5A9182A176C00E0611C /* 500-500_1.jpg */ = {isa = PBXFileReference; lastKnownFileType = image.jpeg; path = "500-500_1.jpg"; sourceTree = "<group>"; };
		83AAF5AA182A176C00E0611C /* 500-500_2.jpg */ = {isa = PBXFileReference; lastKnownFileType = image.jpeg; path = "500-500_2.jpg"; sourceTree = "<group>"; };
		83AAF5AB182A176C00E0611C /* 500-500_3.jpg */ = {isa = PBXFileReference; lastKnownFileType = image.jpeg; path = "500-500_3.jpg"; sourceTree = "<group>"; };
		83AAF5AC182A176C00E0611C /* ad_dtop_closebtn.png */ = {isa = PBXFileReference; lastKnownFileType = image.png; path = ad_dtop_closebtn.png; sourceTree = "<group>"; };
		83AAF5AD182A176C00E0611C /* ad_sc_circle.png */ = {isa = PBXFileReference; lastKnownFileType = image.png; path = ad_sc_circle.png; sourceTree = "<group>"; };
		83AAF5B1182A176C00E0611C /* NSAlert+MKNetworkKitAdditions.h */ = {isa = PBXFileReference; fileEncoding = 4; lastKnownFileType = sourcecode.c.h; path = "NSAlert+MKNetworkKitAdditions.h"; sourceTree = "<group>"; };
		83AAF5B2182A176C00E0611C /* NSAlert+MKNetworkKitAdditions.m */ = {isa = PBXFileReference; fileEncoding = 4; lastKnownFileType = sourcecode.c.objc; path = "NSAlert+MKNetworkKitAdditions.m"; sourceTree = "<group>"; };
		83AAF5B3182A176C00E0611C /* NSData+Base64.h */ = {isa = PBXFileReference; fileEncoding = 4; lastKnownFileType = sourcecode.c.h; path = "NSData+Base64.h"; sourceTree = "<group>"; };
		83AAF5B4182A176C00E0611C /* NSData+Base64.m */ = {isa = PBXFileReference; fileEncoding = 4; lastKnownFileType = sourcecode.c.objc; path = "NSData+Base64.m"; sourceTree = "<group>"; };
		83AAF5B5182A176C00E0611C /* NSDate+RFC1123.h */ = {isa = PBXFileReference; fileEncoding = 4; lastKnownFileType = sourcecode.c.h; path = "NSDate+RFC1123.h"; sourceTree = "<group>"; };
		83AAF5B6182A176C00E0611C /* NSDate+RFC1123.m */ = {isa = PBXFileReference; fileEncoding = 4; lastKnownFileType = sourcecode.c.objc; path = "NSDate+RFC1123.m"; sourceTree = "<group>"; };
		83AAF5B7182A176C00E0611C /* NSDictionary+RequestEncoding.h */ = {isa = PBXFileReference; fileEncoding = 4; lastKnownFileType = sourcecode.c.h; path = "NSDictionary+RequestEncoding.h"; sourceTree = "<group>"; };
		83AAF5B8182A176C00E0611C /* NSDictionary+RequestEncoding.m */ = {isa = PBXFileReference; fileEncoding = 4; lastKnownFileType = sourcecode.c.objc; path = "NSDictionary+RequestEncoding.m"; sourceTree = "<group>"; };
		83AAF5B9182A176C00E0611C /* NSString+MKNetworkKitAdditions.h */ = {isa = PBXFileReference; fileEncoding = 4; lastKnownFileType = sourcecode.c.h; path = "NSString+MKNetworkKitAdditions.h"; sourceTree = "<group>"; };
		83AAF5BA182A176C00E0611C /* NSString+MKNetworkKitAdditions.m */ = {isa = PBXFileReference; fileEncoding = 4; lastKnownFileType = sourcecode.c.objc; path = "NSString+MKNetworkKitAdditions.m"; sourceTree = "<group>"; };
		83AAF5BB182A176C00E0611C /* UIAlertView+MKNetworkKitAdditions.h */ = {isa = PBXFileReference; fileEncoding = 4; lastKnownFileType = sourcecode.c.h; path = "UIAlertView+MKNetworkKitAdditions.h"; sourceTree = "<group>"; };
		83AAF5BC182A176C00E0611C /* UIAlertView+MKNetworkKitAdditions.m */ = {isa = PBXFileReference; fileEncoding = 4; lastKnownFileType = sourcecode.c.objc; path = "UIAlertView+MKNetworkKitAdditions.m"; sourceTree = "<group>"; };
		83AAF5BD182A176C00E0611C /* MKNetworkEngine.h */ = {isa = PBXFileReference; fileEncoding = 4; lastKnownFileType = sourcecode.c.h; path = MKNetworkEngine.h; sourceTree = "<group>"; };
		83AAF5BE182A176C00E0611C /* MKNetworkEngine.m */ = {isa = PBXFileReference; fileEncoding = 4; lastKnownFileType = sourcecode.c.objc; path = MKNetworkEngine.m; sourceTree = "<group>"; };
		83AAF5BF182A176C00E0611C /* MKNetworkKit.h */ = {isa = PBXFileReference; fileEncoding = 4; lastKnownFileType = sourcecode.c.h; path = MKNetworkKit.h; sourceTree = "<group>"; };
		83AAF5C0182A176C00E0611C /* MKNetworkOperation.h */ = {isa = PBXFileReference; fileEncoding = 4; lastKnownFileType = sourcecode.c.h; path = MKNetworkOperation.h; sourceTree = "<group>"; };
		83AAF5C1182A176C00E0611C /* MKNetworkOperation.m */ = {isa = PBXFileReference; fileEncoding = 4; lastKnownFileType = sourcecode.c.objc; path = MKNetworkOperation.m; sourceTree = "<group>"; };
		83AAF5C3182A176C00E0611C /* Reachability.h */ = {isa = PBXFileReference; fileEncoding = 4; lastKnownFileType = sourcecode.c.h; path = Reachability.h; sourceTree = "<group>"; };
		83AAF5C4182A176C00E0611C /* Reachability.m */ = {isa = PBXFileReference; fileEncoding = 4; lastKnownFileType = sourcecode.c.objc; path = Reachability.m; sourceTree = "<group>"; };
		83AAF5C6182A176C00E0611C /* OpenUDID.h */ = {isa = PBXFileReference; fileEncoding = 4; lastKnownFileType = sourcecode.c.h; path = OpenUDID.h; sourceTree = "<group>"; };
		83AAF5C7182A176C00E0611C /* OpenUDID.m */ = {isa = PBXFileReference; fileEncoding = 4; lastKnownFileType = sourcecode.c.objc; path = OpenUDID.m; sourceTree = "<group>"; };
		83AAF60C182A17BF00E0611C /* CoreTelephony.framework */ = {isa = PBXFileReference; lastKnownFileType = wrapper.framework; name = CoreTelephony.framework; path = System/Library/Frameworks/CoreTelephony.framework; sourceTree = SDKROOT; };
		83AAF60E182A17D300E0611C /* MapKit.framework */ = {isa = PBXFileReference; lastKnownFileType = wrapper.framework; name = MapKit.framework; path = System/Library/Frameworks/MapKit.framework; sourceTree = SDKROOT; };
		83AAF610182A17EE00E0611C /* CoreLocation.framework */ = {isa = PBXFileReference; lastKnownFileType = wrapper.framework; name = CoreLocation.framework; path = System/Library/Frameworks/CoreLocation.framework; sourceTree = SDKROOT; };
		83AAF612182A17F700E0611C /* CFNetwork.framework */ = {isa = PBXFileReference; lastKnownFileType = wrapper.framework; name = CFNetwork.framework; path = System/Library/Frameworks/CFNetwork.framework; sourceTree = SDKROOT; };
		83AAF614182A17FD00E0611C /* SystemConfiguration.framework */ = {isa = PBXFileReference; lastKnownFileType = wrapper.framework; name = SystemConfiguration.framework; path = System/Library/Frameworks/SystemConfiguration.framework; sourceTree = SDKROOT; };
		83AAF616182A180700E0611C /* Security.framework */ = {isa = PBXFileReference; lastKnownFileType = wrapper.framework; name = Security.framework; path = System/Library/Frameworks/Security.framework; sourceTree = SDKROOT; };
		83AAF618182A181B00E0611C /* AdSupport.framework */ = {isa = PBXFileReference; lastKnownFileType = wrapper.framework; name = AdSupport.framework; path = System/Library/Frameworks/AdSupport.framework; sourceTree = SDKROOT; };
		83AAF61A182A182400E0611C /* ImageIO.framework */ = {isa = PBXFileReference; lastKnownFileType = wrapper.framework; name = ImageIO.framework; path = System/Library/Frameworks/ImageIO.framework; sourceTree = SDKROOT; };
		83AAF61F182A19B100E0611C /* CBDomeViewController.h */ = {isa = PBXFileReference; fileEncoding = 4; lastKnownFileType = sourcecode.c.h; path = CBDomeViewController.h; sourceTree = "<group>"; };
		83AAF620182A19B100E0611C /* CBDomeViewController.m */ = {isa = PBXFileReference; fileEncoding = 4; lastKnownFileType = sourcecode.c.objc; path = CBDomeViewController.m; sourceTree = "<group>"; };
		83AAF621182A19B100E0611C /* CBDomeViewController.xib */ = {isa = PBXFileReference; fileEncoding = 4; lastKnownFileType = file.xib; path = CBDomeViewController.xib; sourceTree = "<group>"; };
/* End PBXFileReference section */

/* Begin PBXFrameworksBuildPhase section */
		833281CA182CF1C4005BAB1C /* Frameworks */ = {
			isa = PBXFrameworksBuildPhase;
			buildActionMask = 2147483647;
			files = (
				833281CE182CF1C4005BAB1C /* Foundation.framework in Frameworks */,
			);
			runOnlyForDeploymentPostprocessing = 0;
		};
		83AAF563182A16B600E0611C /* Frameworks */ = {
			isa = PBXFrameworksBuildPhase;
			buildActionMask = 2147483647;
			files = (
				833281D9182CF4C5005BAB1C /* libCBinsertScreenSDK.a in Frameworks */,
				83AAF61B182A182400E0611C /* ImageIO.framework in Frameworks */,
				83AAF619182A181B00E0611C /* AdSupport.framework in Frameworks */,
				83AAF617182A180700E0611C /* Security.framework in Frameworks */,
				83AAF615182A17FD00E0611C /* SystemConfiguration.framework in Frameworks */,
				83AAF613182A17F700E0611C /* CFNetwork.framework in Frameworks */,
				83AAF611182A17EE00E0611C /* CoreLocation.framework in Frameworks */,
				83AAF60F182A17D300E0611C /* MapKit.framework in Frameworks */,
				83AAF60D182A17BF00E0611C /* CoreTelephony.framework in Frameworks */,
				83AAF56A182A16B600E0611C /* UIKit.framework in Frameworks */,
				83AAF56C182A16B600E0611C /* Foundation.framework in Frameworks */,
				83AAF56E182A16B600E0611C /* CoreGraphics.framework in Frameworks */,
			);
			runOnlyForDeploymentPostprocessing = 0;
		};
/* End PBXFrameworksBuildPhase section */

/* Begin PBXGroup section */
		833281CF182CF1C4005BAB1C /* CBinsertScreenSDK */ = {
			isa = PBXGroup;
			children = (
				833281D2182CF1C5005BAB1C /* CBinsertScreenSDK.h */,
				833281D4182CF1C5005BAB1C /* CBinsertScreenSDK.m */,
				833281D0182CF1C5005BAB1C /* Supporting Files */,
			);
			path = CBinsertScreenSDK;
			sourceTree = "<group>";
		};
		833281D0182CF1C5005BAB1C /* Supporting Files */ = {
			isa = PBXGroup;
			children = (
				833281D1182CF1C5005BAB1C /* CBinsertScreenSDK-Prefix.pch */,
			);
			name = "Supporting Files";
			sourceTree = "<group>";
		};
		83AAF55D182A16B600E0611C = {
			isa = PBXGroup;
			children = (
				83AAF5A3182A176C00E0611C /* Entitlements.plist */,
				83AAF5A4182A176C00E0611C /* MainView */,
				83AAF586182A176C00E0611C /* CBInsertScreenLIb */,
				83AAF5A8182A176C00E0611C /* resource */,
				83AAF5AE182A176C00E0611C /* ThirdLib */,
				83AAF56F182A16B600E0611C /* CBInsertScreenSDKDome */,
				833281CF182CF1C4005BAB1C /* CBinsertScreenSDK */,
				83AAF568182A16B600E0611C /* Frameworks */,
				83AAF567182A16B600E0611C /* Products */,
			);
			sourceTree = "<group>";
		};
		83AAF567182A16B600E0611C /* Products */ = {
			isa = PBXGroup;
			children = (
				83AAF566182A16B600E0611C /* CBInsertScreenSDKDome.app */,
				833281CD182CF1C4005BAB1C /* libCBinsertScreenSDK.a */,
			);
			name = Products;
			sourceTree = "<group>";
		};
		83AAF568182A16B600E0611C /* Frameworks */ = {
			isa = PBXGroup;
			children = (
				83AAF61A182A182400E0611C /* ImageIO.framework */,
				83AAF618182A181B00E0611C /* AdSupport.framework */,
				83AAF616182A180700E0611C /* Security.framework */,
				83AAF614182A17FD00E0611C /* SystemConfiguration.framework */,
				83AAF612182A17F700E0611C /* CFNetwork.framework */,
				83AAF610182A17EE00E0611C /* CoreLocation.framework */,
				83AAF60E182A17D300E0611C /* MapKit.framework */,
				83AAF60C182A17BF00E0611C /* CoreTelephony.framework */,
				83AAF569182A16B600E0611C /* UIKit.framework */,
				83AAF56B182A16B600E0611C /* Foundation.framework */,
				83AAF56D182A16B600E0611C /* CoreGraphics.framework */,
			);
			name = Frameworks;
			sourceTree = "<group>";
		};
		83AAF56F182A16B600E0611C /* CBInsertScreenSDKDome */ = {
			isa = PBXGroup;
			children = (
				83AAF578182A16B600E0611C /* CBAppDelegate.h */,
				83AAF579182A16B600E0611C /* CBAppDelegate.m */,
				83AAF570182A16B600E0611C /* Supporting Files */,
			);
			path = CBInsertScreenSDKDome;
			sourceTree = "<group>";
		};
		83AAF570182A16B600E0611C /* Supporting Files */ = {
			isa = PBXGroup;
			children = (
				83AAF571182A16B600E0611C /* CBInsertScreenSDKDome-Info.plist */,
				83AAF572182A16B600E0611C /* InfoPlist.strings */,
				83AAF575182A16B600E0611C /* main.m */,
				83AAF577182A16B600E0611C /* CBInsertScreenSDKDome-Prefix.pch */,
				83AAF57B182A16B600E0611C /* Default.png */,
				83AAF57D182A16B600E0611C /* Default@2x.png */,
				83AAF57F182A16B600E0611C /* Default-568h@2x.png */,
			);
			name = "Supporting Files";
			sourceTree = "<group>";
		};
		83AAF586182A176C00E0611C /* CBInsertScreenLIb */ = {
			isa = PBXGroup;
			children = (
				83AAF587182A176C00E0611C /* inc */,
				83AAF596182A176C00E0611C /* src */,
			);
			path = CBInsertScreenLIb;
			sourceTree = "<group>";
		};
		83AAF587182A176C00E0611C /* inc */ = {
			isa = PBXGroup;
			children = (
				83AAF58F182A176C00E0611C /* InsertScreen.h */,
				83AAF588182A176C00E0611C /* CBInsertScreen.h */,
				83AAF589182A176C00E0611C /* common */,
				83AAF58D182A176C00E0611C /* GPS */,
				83AAF590182A176C00E0611C /* Model */,
				83AAF592182A176C00E0611C /* NetWorkEngine */,
				83AAF594182A176C00E0611C /* ScreenView */,
			);
			path = inc;
			sourceTree = "<group>";
		};
		83AAF589182A176C00E0611C /* common */ = {
			isa = PBXGroup;
			children = (
				83AAF58A182A176C00E0611C /* CBInsert.h */,
				83AAF58B182A176C00E0611C /* CBInsertUtils.h */,
			);
			path = common;
			sourceTree = "<group>";
		};
		83AAF58D182A176C00E0611C /* GPS */ = {
			isa = PBXGroup;
			children = (
				83AAF58E182A176C00E0611C /* CBGPSEngine.h */,
			);
			path = GPS;
			sourceTree = "<group>";
		};
		83AAF590182A176C00E0611C /* Model */ = {
			isa = PBXGroup;
			children = (
				83AAF591182A176C00E0611C /* CBAdvertisementModel.h */,
			);
			path = Model;
			sourceTree = "<group>";
		};
		83AAF592182A176C00E0611C /* NetWorkEngine */ = {
			isa = PBXGroup;
			children = (
				83AAF593182A176C00E0611C /* CBNetWorkEngine.h */,
			);
			path = NetWorkEngine;
			sourceTree = "<group>";
		};
		83AAF594182A176C00E0611C /* ScreenView */ = {
			isa = PBXGroup;
			children = (
				83AAF595182A176C00E0611C /* CBScreenView.h */,
			);
			path = ScreenView;
			sourceTree = "<group>";
		};
		83AAF596182A176C00E0611C /* src */ = {
			isa = PBXGroup;
			children = (
				83AAF597182A176C00E0611C /* CBInsertScreen.m */,
				83AAF598182A176C00E0611C /* common */,
				83AAF59B182A176C00E0611C /* GPS */,
				83AAF59D182A176C00E0611C /* Model */,
				83AAF59F182A176C00E0611C /* NetWorkEngine */,
				83AAF5A1182A176C00E0611C /* ScreenView */,
			);
			path = src;
			sourceTree = "<group>";
		};
		83AAF598182A176C00E0611C /* common */ = {
			isa = PBXGroup;
			children = (
				83AAF599182A176C00E0611C /* CBInsertUtils.m */,
			);
			path = common;
			sourceTree = "<group>";
		};
		83AAF59B182A176C00E0611C /* GPS */ = {
			isa = PBXGroup;
			children = (
				83AAF59C182A176C00E0611C /* CBGPSEngine.m */,
			);
			path = GPS;
			sourceTree = "<group>";
		};
		83AAF59D182A176C00E0611C /* Model */ = {
			isa = PBXGroup;
			children = (
				83AAF59E182A176C00E0611C /* CBAdvertisementModel.m */,
			);
			path = Model;
			sourceTree = "<group>";
		};
		83AAF59F182A176C00E0611C /* NetWorkEngine */ = {
			isa = PBXGroup;
			children = (
				83AAF5A0182A176C00E0611C /* CBNetWorkEngine.m */,
			);
			path = NetWorkEngine;
			sourceTree = "<group>";
		};
		83AAF5A1182A176C00E0611C /* ScreenView */ = {
			isa = PBXGroup;
			children = (
				83AAF5A2182A176C00E0611C /* CBScreenView.m */,
			);
			path = ScreenView;
			sourceTree = "<group>";
		};
		83AAF5A4182A176C00E0611C /* MainView */ = {
			isa = PBXGroup;
			children = (
				83AAF61F182A19B100E0611C /* CBDomeViewController.h */,
				83AAF620182A19B100E0611C /* CBDomeViewController.m */,
				83AAF621182A19B100E0611C /* CBDomeViewController.xib */,
			);
			path = MainView;
			sourceTree = "<group>";
		};
		83AAF5A8182A176C00E0611C /* resource */ = {
			isa = PBXGroup;
			children = (
				83AAF5A9182A176C00E0611C /* 500-500_1.jpg */,
				83AAF5AA182A176C00E0611C /* 500-500_2.jpg */,
				83AAF5AB182A176C00E0611C /* 500-500_3.jpg */,
				83AAF5AC182A176C00E0611C /* ad_dtop_closebtn.png */,
				83AAF5AD182A176C00E0611C /* ad_sc_circle.png */,
			);
			path = resource;
			sourceTree = "<group>";
		};
		83AAF5AE182A176C00E0611C /* ThirdLib */ = {
			isa = PBXGroup;
			children = (
				83AAF5AF182A176C00E0611C /* MKNetworkKit */,
				83AAF5C5182A176C00E0611C /* OpenUDID */,
				83AAF5C8182A176C00E0611C /* SDWebImage */,
			);
			path = ThirdLib;
			sourceTree = "<group>";
		};
		83AAF5AF182A176C00E0611C /* MKNetworkKit */ = {
			isa = PBXGroup;
			children = (
				83AAF5B0182A176C00E0611C /* Categories */,
				83AAF5BD182A176C00E0611C /* MKNetworkEngine.h */,
				83AAF5BE182A176C00E0611C /* MKNetworkEngine.m */,
				83AAF5BF182A176C00E0611C /* MKNetworkKit.h */,
				83AAF5C0182A176C00E0611C /* MKNetworkOperation.h */,
				83AAF5C1182A176C00E0611C /* MKNetworkOperation.m */,
				83AAF5C2182A176C00E0611C /* Reachability */,
			);
			path = MKNetworkKit;
			sourceTree = "<group>";
		};
		83AAF5B0182A176C00E0611C /* Categories */ = {
			isa = PBXGroup;
			children = (
				83AAF5B1182A176C00E0611C /* NSAlert+MKNetworkKitAdditions.h */,
				83AAF5B2182A176C00E0611C /* NSAlert+MKNetworkKitAdditions.m */,
				83AAF5B3182A176C00E0611C /* NSData+Base64.h */,
				83AAF5B4182A176C00E0611C /* NSData+Base64.m */,
				83AAF5B5182A176C00E0611C /* NSDate+RFC1123.h */,
				83AAF5B6182A176C00E0611C /* NSDate+RFC1123.m */,
				83AAF5B7182A176C00E0611C /* NSDictionary+RequestEncoding.h */,
				83AAF5B8182A176C00E0611C /* NSDictionary+RequestEncoding.m */,
				83AAF5B9182A176C00E0611C /* NSString+MKNetworkKitAdditions.h */,
				83AAF5BA182A176C00E0611C /* NSString+MKNetworkKitAdditions.m */,
				83AAF5BB182A176C00E0611C /* UIAlertView+MKNetworkKitAdditions.h */,
				83AAF5BC182A176C00E0611C /* UIAlertView+MKNetworkKitAdditions.m */,
			);
			path = Categories;
			sourceTree = "<group>";
		};
		83AAF5C2182A176C00E0611C /* Reachability */ = {
			isa = PBXGroup;
			children = (
				83AAF5C3182A176C00E0611C /* Reachability.h */,
				83AAF5C4182A176C00E0611C /* Reachability.m */,
			);
			path = Reachability;
			sourceTree = "<group>";
		};
		83AAF5C5182A176C00E0611C /* OpenUDID */ = {
			isa = PBXGroup;
			children = (
				83AAF5C6182A176C00E0611C /* OpenUDID.h */,
				83AAF5C7182A176C00E0611C /* OpenUDID.m */,
			);
			path = OpenUDID;
			sourceTree = "<group>";
		};
		83AAF5C8182A176C00E0611C /* SDWebImage */ = {
			isa = PBXGroup;
			children = (
				8334D47A182CB33200AD765A /* SDImageCache.h */,
				8334D47B182CB33200AD765A /* SDImageCache.m */,
				8334D47C182CB33200AD765A /* SDImageCacheDelegate.h */,
				8334D47D182CB33200AD765A /* SDWebImageCompat.h */,
				8334D47E182CB33200AD765A /* SDWebImageDownloader.h */,
				8334D47F182CB33200AD765A /* SDWebImageDownloader.m */,
				8334D480182CB33200AD765A /* SDWebImageDownloaderDelegate.h */,
				8334D481182CB33200AD765A /* SDWebImageManager.h */,
				8334D482182CB33200AD765A /* SDWebImageManager.m */,
				8334D483182CB33200AD765A /* SDWebImageManagerDelegate.h */,
				8334D484182CB33200AD765A /* UIButton+WebCache.h */,
				8334D485182CB33200AD765A /* UIButton+WebCache.m */,
				8334D486182CB33200AD765A /* UIImageView+WebCache.h */,
				8334D487182CB33200AD765A /* UIImageView+WebCache.m */,
			);
			path = SDWebImage;
			sourceTree = "<group>";
		};
/* End PBXGroup section */

/* Begin PBXNativeTarget section */
		833281CC182CF1C4005BAB1C /* CBinsertScreenSDK */ = {
			isa = PBXNativeTarget;
			buildConfigurationList = 833281D8182CF1C5005BAB1C /* Build configuration list for PBXNativeTarget "CBinsertScreenSDK" */;
			buildPhases = (
				833281C9182CF1C4005BAB1C /* Sources */,
				833281CA182CF1C4005BAB1C /* Frameworks */,
				833281CB182CF1C4005BAB1C /* CopyFiles */,
			);
			buildRules = (
			);
			dependencies = (
			);
			name = CBinsertScreenSDK;
			productName = CBinsertScreenSDK;
			productReference = 833281CD182CF1C4005BAB1C /* libCBinsertScreenSDK.a */;
			productType = "com.apple.product-type.library.static";
		};
		83AAF565182A16B600E0611C /* CBInsertScreenSDKDome */ = {
			isa = PBXNativeTarget;
			buildConfigurationList = 83AAF583182A16B600E0611C /* Build configuration list for PBXNativeTarget "CBInsertScreenSDKDome" */;
			buildPhases = (
				83AAF562182A16B600E0611C /* Sources */,
				83AAF563182A16B600E0611C /* Frameworks */,
				83AAF564182A16B600E0611C /* Resources */,
				83AAF624182A1D8100E0611C /* ShellScript */,
			);
			buildRules = (
			);
			dependencies = (
			);
			name = CBInsertScreenSDKDome;
			productName = CBInsertScreenSDKDome;
			productReference = 83AAF566182A16B600E0611C /* CBInsertScreenSDKDome.app */;
			productType = "com.apple.product-type.application";
		};
/* End PBXNativeTarget section */

/* Begin PBXProject section */
		83AAF55E182A16B600E0611C /* Project object */ = {
			isa = PBXProject;
			attributes = {
				CLASSPREFIX = CB;
				LastUpgradeCheck = 0460;
				ORGANIZATIONNAME = CB;
			};
			buildConfigurationList = 83AAF561182A16B600E0611C /* Build configuration list for PBXProject "CBInsertScreenSDKDome" */;
			compatibilityVersion = "Xcode 3.2";
			developmentRegion = English;
			hasScannedForEncodings = 0;
			knownRegions = (
				en,
			);
			mainGroup = 83AAF55D182A16B600E0611C;
			productRefGroup = 83AAF567182A16B600E0611C /* Products */;
			projectDirPath = "";
			projectRoot = "";
			targets = (
				83AAF565182A16B600E0611C /* CBInsertScreenSDKDome */,
				833281CC182CF1C4005BAB1C /* CBinsertScreenSDK */,
			);
		};
/* End PBXProject section */

/* Begin PBXResourcesBuildPhase section */
		83AAF564182A16B600E0611C /* Resources */ = {
			isa = PBXResourcesBuildPhase;
			buildActionMask = 2147483647;
			files = (
				83AAF574182A16B600E0611C /* InfoPlist.strings in Resources */,
				83AAF57C182A16B600E0611C /* Default.png in Resources */,
				83AAF57E182A16B600E0611C /* Default@2x.png in Resources */,
				83AAF580182A16B600E0611C /* Default-568h@2x.png in Resources */,
				83AAF5EC182A176D00E0611C /* Entitlements.plist in Resources */,
				83AAF5EF182A176D00E0611C /* 500-500_1.jpg in Resources */,
				83AAF5F0182A176D00E0611C /* 500-500_2.jpg in Resources */,
				83AAF5F1182A176D00E0611C /* 500-500_3.jpg in Resources */,
				83AAF5F2182A176D00E0611C /* ad_dtop_closebtn.png in Resources */,
				83AAF5F3182A176D00E0611C /* ad_sc_circle.png in Resources */,
				83AAF623182A19B100E0611C /* CBDomeViewController.xib in Resources */,
			);
			runOnlyForDeploymentPostprocessing = 0;
		};
/* End PBXResourcesBuildPhase section */

/* Begin PBXShellScriptBuildPhase section */
		83AAF624182A1D8100E0611C /* ShellScript */ = {
			isa = PBXShellScriptBuildPhase;
			buildActionMask = 2147483647;
			files = (
			);
			inputPaths = (
			);
			outputPaths = (
			);
			runOnlyForDeploymentPostprocessing = 0;
			shellPath = /bin/sh;
			shellScript = "export CODESIGN_ALLOCATE=/Applications/Xcode.app/Contents/Developer/Platforms/iPhoneOS.platform/Developer/usr/bin/codesign_allocate\nif [ \"${PLATFORM_NAME}\" == \"iphoneos\" ] || [ \"${PLATFORM_NAME}\" == \"ipados\" ]; then\n/Applications/Xcode.app/Contents/Developer/iphoneentitlements/gen_entitlements.py \"my.company.${PROJECT_NAME}\" \"${BUILT_PRODUCTS_DIR}/${WRAPPER_NAME}/${PROJECT_NAME}.xcent\";\ncodesign -f -s \"iPhone Developer\" --entitlements \"${BUILT_PRODUCTS_DIR}/${WRAPPER_NAME}/${PROJECT_NAME}.xcent\" \"${BUILT_PRODUCTS_DIR}/${WRAPPER_NAME}/\"\nfi\n";
		};
/* End PBXShellScriptBuildPhase section */

/* Begin PBXSourcesBuildPhase section */
		833281C9182CF1C4005BAB1C /* Sources */ = {
			isa = PBXSourcesBuildPhase;
			buildActionMask = 2147483647;
			files = (
				833281D5182CF1C5005BAB1C /* CBinsertScreenSDK.m in Sources */,
			);
			runOnlyForDeploymentPostprocessing = 0;
		};
		83AAF562182A16B600E0611C /* Sources */ = {
			isa = PBXSourcesBuildPhase;
			buildActionMask = 2147483647;
			files = (
				83AAF576182A16B600E0611C /* main.m in Sources */,
				83AAF57A182A16B600E0611C /* CBAppDelegate.m in Sources */,
				83AAF5E6182A176D00E0611C /* CBInsertScreen.m in Sources */,
				83AAF5E7182A176D00E0611C /* CBInsertUtils.m in Sources */,
				83AAF5E8182A176D00E0611C /* CBGPSEngine.m in Sources */,
				83AAF5E9182A176D00E0611C /* CBAdvertisementModel.m in Sources */,
				83AAF5EA182A176D00E0611C /* CBNetWorkEngine.m in Sources */,
				83AAF5EB182A176D00E0611C /* CBScreenView.m in Sources */,
				83AAF5F4182A176D00E0611C /* NSAlert+MKNetworkKitAdditions.m in Sources */,
				83AAF5F5182A176D00E0611C /* NSData+Base64.m in Sources */,
				83AAF5F6182A176D00E0611C /* NSDate+RFC1123.m in Sources */,
				83AAF5F7182A176D00E0611C /* NSDictionary+RequestEncoding.m in Sources */,
				83AAF5F8182A176D00E0611C /* NSString+MKNetworkKitAdditions.m in Sources */,
				83AAF5F9182A176D00E0611C /* UIAlertView+MKNetworkKitAdditions.m in Sources */,
				83AAF5FA182A176D00E0611C /* MKNetworkEngine.m in Sources */,
				83AAF5FB182A176D00E0611C /* MKNetworkOperation.m in Sources */,
				83AAF5FC182A176D00E0611C /* Reachability.m in Sources */,
				83AAF5FD182A176D00E0611C /* OpenUDID.m in Sources */,
				83AAF622182A19B100E0611C /* CBDomeViewController.m in Sources */,
				8334D488182CB33200AD765A /* SDImageCache.m in Sources */,
				8334D489182CB33200AD765A /* SDWebImageDownloader.m in Sources */,
				8334D48A182CB33200AD765A /* SDWebImageManager.m in Sources */,
				8334D48B182CB33200AD765A /* UIButton+WebCache.m in Sources */,
				8334D48C182CB33200AD765A /* UIImageView+WebCache.m in Sources */,
			);
			runOnlyForDeploymentPostprocessing = 0;
		};
/* End PBXSourcesBuildPhase section */

/* Begin PBXVariantGroup section */
		83AAF572182A16B600E0611C /* InfoPlist.strings */ = {
			isa = PBXVariantGroup;
			children = (
				83AAF573182A16B600E0611C /* en */,
			);
			name = InfoPlist.strings;
			sourceTree = "<group>";
		};
/* End PBXVariantGroup section */

/* Begin XCBuildConfiguration section */
		833281D6182CF1C5005BAB1C /* Debug */ = {
			isa = XCBuildConfiguration;
			buildSettings = {
				DSTROOT = /tmp/CBinsertScreenSDK.dst;
				GCC_PRECOMPILE_PREFIX_HEADER = YES;
				GCC_PREFIX_HEADER = "CBinsertScreenSDK/CBinsertScreenSDK-Prefix.pch";
				IPHONEOS_DEPLOYMENT_TARGET = 6.1;
				OTHER_LDFLAGS = "-ObjC";
				PRODUCT_NAME = "$(TARGET_NAME)";
				SKIP_INSTALL = YES;
			};
			name = Debug;
		};
		833281D7182CF1C5005BAB1C /* Release */ = {
			isa = XCBuildConfiguration;
			buildSettings = {
				DSTROOT = /tmp/CBinsertScreenSDK.dst;
				GCC_PRECOMPILE_PREFIX_HEADER = YES;
				GCC_PREFIX_HEADER = "CBinsertScreenSDK/CBinsertScreenSDK-Prefix.pch";
				IPHONEOS_DEPLOYMENT_TARGET = 6.1;
				OTHER_LDFLAGS = "-ObjC";
				PRODUCT_NAME = "$(TARGET_NAME)";
				SKIP_INSTALL = YES;
			};
			name = Release;
		};
		83AAF581182A16B600E0611C /* Debug */ = {
			isa = XCBuildConfiguration;
			buildSettings = {
				ALWAYS_SEARCH_USER_PATHS = NO;
				CLANG_CXX_LANGUAGE_STANDARD = "gnu++0x";
				CLANG_CXX_LIBRARY = "libc++";
				CLANG_ENABLE_OBJC_ARC = YES;
				CLANG_WARN_CONSTANT_CONVERSION = YES;
				CLANG_WARN_EMPTY_BODY = YES;
				CLANG_WARN_ENUM_CONVERSION = YES;
				CLANG_WARN_INT_CONVERSION = YES;
				CLANG_WARN__DUPLICATE_METHOD_MATCH = YES;
				CODE_SIGN_IDENTITY = "";
				"CODE_SIGN_IDENTITY[sdk=iphoneos*]" = "iPhone Developer";
				COPY_PHASE_STRIP = NO;
				GCC_C_LANGUAGE_STANDARD = gnu99;
				GCC_DYNAMIC_NO_PIC = NO;
				GCC_OPTIMIZATION_LEVEL = 0;
				GCC_PREPROCESSOR_DEFINITIONS = (
					"DEBUG=1",
					"$(inherited)",
				);
				GCC_SYMBOLS_PRIVATE_EXTERN = NO;
				GCC_WARN_ABOUT_RETURN_TYPE = YES;
				GCC_WARN_UNINITIALIZED_AUTOS = YES;
				GCC_WARN_UNUSED_VARIABLE = YES;
				IPHONEOS_DEPLOYMENT_TARGET = 4.3;
				ONLY_ACTIVE_ARCH = YES;
				SDKROOT = iphoneos;
				TARGETED_DEVICE_FAMILY = "1,2";
			};
			name = Debug;
		};
		83AAF582182A16B600E0611C /* Release */ = {
			isa = XCBuildConfiguration;
			buildSettings = {
				ALWAYS_SEARCH_USER_PATHS = NO;
				CLANG_CXX_LANGUAGE_STANDARD = "gnu++0x";
				CLANG_CXX_LIBRARY = "libc++";
				CLANG_ENABLE_OBJC_ARC = YES;
				CLANG_WARN_CONSTANT_CONVERSION = YES;
				CLANG_WARN_EMPTY_BODY = YES;
				CLANG_WARN_ENUM_CONVERSION = YES;
				CLANG_WARN_INT_CONVERSION = YES;
				CLANG_WARN__DUPLICATE_METHOD_MATCH = YES;
				CODE_SIGN_IDENTITY = "";
				"CODE_SIGN_IDENTITY[sdk=iphoneos*]" = "iPhone Developer";
				COPY_PHASE_STRIP = YES;
				GCC_C_LANGUAGE_STANDARD = gnu99;
				GCC_WARN_ABOUT_RETURN_TYPE = YES;
				GCC_WARN_UNINITIALIZED_AUTOS = YES;
				GCC_WARN_UNUSED_VARIABLE = YES;
				IPHONEOS_DEPLOYMENT_TARGET = 4.3;
				OTHER_CFLAGS = "-DNS_BLOCK_ASSERTIONS=1";
				SDKROOT = iphoneos;
				TARGETED_DEVICE_FAMILY = "1,2";
				VALIDATE_PRODUCT = YES;
			};
			name = Release;
		};
		83AAF584182A16B600E0611C /* Debug */ = {
			isa = XCBuildConfiguration;
			buildSettings = {
				CODE_SIGN_ENTITLEMENTS = Entitlements.plist;
				CODE_SIGN_IDENTITY = "";
				"CODE_SIGN_IDENTITY[sdk=iphoneos*]" = "iPhone Developer";
				GCC_PRECOMPILE_PREFIX_HEADER = YES;
				GCC_PREFIX_HEADER = "CBInsertScreenSDKDome/CBInsertScreenSDKDome-Prefix.pch";
				INFOPLIST_FILE = "CBInsertScreenSDKDome/CBInsertScreenSDKDome-Info.plist";
				IPHONEOS_DEPLOYMENT_TARGET = 5.0;
				PRODUCT_NAME = "$(TARGET_NAME)";
				"PROVISIONING_PROFILE[sdk=iphoneos*]" = "";
				WRAPPER_EXTENSION = app;
			};
			name = Debug;
		};
		83AAF585182A16B600E0611C /* Release */ = {
			isa = XCBuildConfiguration;
			buildSettings = {
				CODE_SIGN_ENTITLEMENTS = Entitlements.plist;
				CODE_SIGN_IDENTITY = "";
				"CODE_SIGN_IDENTITY[sdk=iphoneos*]" = "iPhone Developer";
				GCC_PRECOMPILE_PREFIX_HEADER = YES;
				GCC_PREFIX_HEADER = "CBInsertScreenSDKDome/CBInsertScreenSDKDome-Prefix.pch";
				INFOPLIST_FILE = "CBInsertScreenSDKDome/CBInsertScreenSDKDome-Info.plist";
				IPHONEOS_DEPLOYMENT_TARGET = 5.0;
				PRODUCT_NAME = "$(TARGET_NAME)";
				"PROVISIONING_PROFILE[sdk=iphoneos*]" = "";
				WRAPPER_EXTENSION = app;
			};
			name = Release;
		};
/* End XCBuildConfiguration section */

/* Begin XCConfigurationList section */
		833281D8182CF1C5005BAB1C /* Build configuration list for PBXNativeTarget "CBinsertScreenSDK" */ = {
			isa = XCConfigurationList;
			buildConfigurations = (
				833281D6182CF1C5005BAB1C /* Debug */,
				833281D7182CF1C5005BAB1C /* Release */,
			);
			defaultConfigurationIsVisible = 0;
		};
		83AAF561182A16B600E0611C /* Build configuration list for PBXProject "CBInsertScreenSDKDome" */ = {
			isa = XCConfigurationList;
			buildConfigurations = (
				83AAF581182A16B600E0611C /* Debug */,
				83AAF582182A16B600E0611C /* Release */,
			);
			defaultConfigurationIsVisible = 0;
			defaultConfigurationName = Release;
		};
		83AAF583182A16B600E0611C /* Build configuration list for PBXNativeTarget "CBInsertScreenSDKDome" */ = {
			isa = XCConfigurationList;
			buildConfigurations = (
				83AAF584182A16B600E0611C /* Debug */,
				83AAF585182A16B600E0611C /* Release */,
			);
			defaultConfigurationIsVisible = 0;
			defaultConfigurationName = Release;
		};
/* End XCConfigurationList section */
	};
	rootObject = 83AAF55E182A16B600E0611C /* Project object */;
}
