// !$*UTF8*$!
{
	archiveVersion = 1;
	classes = {
	};
	objectVersion = 46;
	objects = {

/* Begin PBXBuildFile section */
		831ADBF51820C27F00211334 /* NSAlert+MKNetworkKitAdditions.m in Sources */ = {isa = PBXBuildFile; fileRef = 831ADBE21820C27F00211334 /* NSAlert+MKNetworkKitAdditions.m */; };
		831ADBF61820C27F00211334 /* NSData+Base64.m in Sources */ = {isa = PBXBuildFile; fileRef = 831ADBE41820C27F00211334 /* NSData+Base64.m */; };
		831ADBF71820C27F00211334 /* NSDate+RFC1123.m in Sources */ = {isa = PBXBuildFile; fileRef = 831ADBE61820C27F00211334 /* NSDate+RFC1123.m */; };
		831ADBF81820C27F00211334 /* NSDictionary+RequestEncoding.m in Sources */ = {isa = PBXBuildFile; fileRef = 831ADBE81820C27F00211334 /* NSDictionary+RequestEncoding.m */; };
		831ADBF91820C27F00211334 /* NSString+MKNetworkKitAdditions.m in Sources */ = {isa = PBXBuildFile; fileRef = 831ADBEA1820C27F00211334 /* NSString+MKNetworkKitAdditions.m */; };
		831ADBFA1820C27F00211334 /* UIAlertView+MKNetworkKitAdditions.m in Sources */ = {isa = PBXBuildFile; fileRef = 831ADBEC1820C27F00211334 /* UIAlertView+MKNetworkKitAdditions.m */; };
		831ADBFB1820C27F00211334 /* MKNetworkEngine.m in Sources */ = {isa = PBXBuildFile; fileRef = 831ADBEE1820C27F00211334 /* MKNetworkEngine.m */; };
		831ADBFC1820C27F00211334 /* MKNetworkOperation.m in Sources */ = {isa = PBXBuildFile; fileRef = 831ADBF11820C27F00211334 /* MKNetworkOperation.m */; };
		831ADBFD1820C27F00211334 /* Reachability.m in Sources */ = {isa = PBXBuildFile; fileRef = 831ADBF41820C27F00211334 /* Reachability.m */; };
		831ADBFF1820C2EB00211334 /* Security.framework in Frameworks */ = {isa = PBXBuildFile; fileRef = 831ADBFE1820C2EB00211334 /* Security.framework */; };
		831ADC011820C2FD00211334 /* SystemConfiguration.framework in Frameworks */ = {isa = PBXBuildFile; fileRef = 831ADC001820C2FD00211334 /* SystemConfiguration.framework */; };
		831ADC031820C30900211334 /* CFNetwork.framework in Frameworks */ = {isa = PBXBuildFile; fileRef = 831ADC021820C30900211334 /* CFNetwork.framework */; };
		831ADC0A1820CFC800211334 /* CBNetWorkEngine.m in Sources */ = {isa = PBXBuildFile; fileRef = 831ADC091820CFC800211334 /* CBNetWorkEngine.m */; };
		831ADC131820D6C700211334 /* CBGPSEngine.m in Sources */ = {isa = PBXBuildFile; fileRef = 831ADC121820D6C700211334 /* CBGPSEngine.m */; };
		831ADC151820D98200211334 /* CoreLocation.framework in Frameworks */ = {isa = PBXBuildFile; fileRef = 831ADC141820D98200211334 /* CoreLocation.framework */; };
		831ADC171820EBA100211334 /* MapKit.framework in Frameworks */ = {isa = PBXBuildFile; fileRef = 831ADC161820EBA100211334 /* MapKit.framework */; };
		831ADC1E1820FAE900211334 /* CBScreenView.m in Sources */ = {isa = PBXBuildFile; fileRef = 831ADC1D1820FAE900211334 /* CBScreenView.m */; };
		831E4D8A182350510048E06F /* CoreTelephony.framework in Frameworks */ = {isa = PBXBuildFile; fileRef = 831E4D89182350510048E06F /* CoreTelephony.framework */; };
		831E4D8C18235AF60048E06F /* AdSupport.framework in Frameworks */ = {isa = PBXBuildFile; fileRef = 831E4D8B18235AF60048E06F /* AdSupport.framework */; };
		831E4D9018235E0E0048E06F /* OpenUDID.m in Sources */ = {isa = PBXBuildFile; fileRef = 831E4D8F18235E0E0048E06F /* OpenUDID.m */; settings = {COMPILER_FLAGS = "-fno-objc-arc"; }; };
		831E4D951823976B0048E06F /* main_img_big1.png in Resources */ = {isa = PBXBuildFile; fileRef = 831E4D921823976B0048E06F /* main_img_big1.png */; };
		831E4D961823976B0048E06F /* main_img_big2.png in Resources */ = {isa = PBXBuildFile; fileRef = 831E4D931823976B0048E06F /* main_img_big2.png */; };
		831E4D971823976B0048E06F /* main_img_big3.png in Resources */ = {isa = PBXBuildFile; fileRef = 831E4D941823976B0048E06F /* main_img_big3.png */; };
		831E4D9C1823AA230048E06F /* CBInsertScreen.m in Sources */ = {isa = PBXBuildFile; fileRef = 831E4D9B1823AA230048E06F /* CBInsertScreen.m */; };
		83ED9E8218274B77004CDCCD /* CBAdvertisementModel.m in Sources */ = {isa = PBXBuildFile; fileRef = 83ED9E8118274B77004CDCCD /* CBAdvertisementModel.m */; };
		83ED9EE8182777DF004CDCCD /* MKAnnotationView+WebCache.m in Sources */ = {isa = PBXBuildFile; fileRef = 83ED9EDB182777DF004CDCCD /* MKAnnotationView+WebCache.m */; };
		83ED9EE9182777DF004CDCCD /* NSData+GIF.m in Sources */ = {isa = PBXBuildFile; fileRef = 83ED9EDD182777DF004CDCCD /* NSData+GIF.m */; };
		83ED9EEA182777DF004CDCCD /* UIButton+WebCache.m in Sources */ = {isa = PBXBuildFile; fileRef = 83ED9EDF182777DF004CDCCD /* UIButton+WebCache.m */; };
		83ED9EEB182777DF004CDCCD /* UIImage+GIF.m in Sources */ = {isa = PBXBuildFile; fileRef = 83ED9EE1182777DF004CDCCD /* UIImage+GIF.m */; };
		83ED9EEC182777DF004CDCCD /* UIImage+MultiFormat.m in Sources */ = {isa = PBXBuildFile; fileRef = 83ED9EE3182777DF004CDCCD /* UIImage+MultiFormat.m */; };
		83ED9EED182777DF004CDCCD /* UIImage+WebP.m in Sources */ = {isa = PBXBuildFile; fileRef = 83ED9EE5182777DF004CDCCD /* UIImage+WebP.m */; };
		83ED9EEE182777DF004CDCCD /* UIImageView+WebCache.m in Sources */ = {isa = PBXBuildFile; fileRef = 83ED9EE7182777DF004CDCCD /* UIImageView+WebCache.m */; };
		83ED9EF518277833004CDCCD /* SDWebImageDecoder.m in Sources */ = {isa = PBXBuildFile; fileRef = 83ED9EF018277833004CDCCD /* SDWebImageDecoder.m */; };
		83ED9EF618277833004CDCCD /* SDWebImageManager.m in Sources */ = {isa = PBXBuildFile; fileRef = 83ED9EF218277833004CDCCD /* SDWebImageManager.m */; };
		83ED9EF718277833004CDCCD /* SDWebImagePrefetcher.m in Sources */ = {isa = PBXBuildFile; fileRef = 83ED9EF418277833004CDCCD /* SDWebImagePrefetcher.m */; };
		83ED9EFB1827787F004CDCCD /* SDWebImageCompat.m in Sources */ = {isa = PBXBuildFile; fileRef = 83ED9EF91827787F004CDCCD /* SDWebImageCompat.m */; };
		83ED9F00182778A5004CDCCD /* SDWebImageDownloader.m in Sources */ = {isa = PBXBuildFile; fileRef = 83ED9EFD182778A5004CDCCD /* SDWebImageDownloader.m */; };
		83ED9F01182778A5004CDCCD /* SDWebImageDownloaderOperation.m in Sources */ = {isa = PBXBuildFile; fileRef = 83ED9EFF182778A5004CDCCD /* SDWebImageDownloaderOperation.m */; };
		83ED9F04182778CF004CDCCD /* SDImageCache.m in Sources */ = {isa = PBXBuildFile; fileRef = 83ED9F03182778CE004CDCCD /* SDImageCache.m */; };
		83ED9F0618277C76004CDCCD /* ImageIO.framework in Frameworks */ = {isa = PBXBuildFile; fileRef = 83ED9F0518277C76004CDCCD /* ImageIO.framework */; };
		83F200BE1820A11B0048B462 /* UIKit.framework in Frameworks */ = {isa = PBXBuildFile; fileRef = 83F200BD1820A11B0048B462 /* UIKit.framework */; };
		83F200C01820A11B0048B462 /* Foundation.framework in Frameworks */ = {isa = PBXBuildFile; fileRef = 83F200BF1820A11B0048B462 /* Foundation.framework */; };
		83F200C21820A11B0048B462 /* CoreGraphics.framework in Frameworks */ = {isa = PBXBuildFile; fileRef = 83F200C11820A11B0048B462 /* CoreGraphics.framework */; };
		83F200C81820A11B0048B462 /* InfoPlist.strings in Resources */ = {isa = PBXBuildFile; fileRef = 83F200C61820A11B0048B462 /* InfoPlist.strings */; };
		83F200CA1820A11B0048B462 /* main.m in Sources */ = {isa = PBXBuildFile; fileRef = 83F200C91820A11B0048B462 /* main.m */; };
		83F200CE1820A11B0048B462 /* CBAppDelegate.m in Sources */ = {isa = PBXBuildFile; fileRef = 83F200CD1820A11B0048B462 /* CBAppDelegate.m */; };
		83F200D01820A11B0048B462 /* Default.png in Resources */ = {isa = PBXBuildFile; fileRef = 83F200CF1820A11B0048B462 /* Default.png */; };
		83F200D21820A11B0048B462 /* Default@2x.png in Resources */ = {isa = PBXBuildFile; fileRef = 83F200D11820A11B0048B462 /* Default@2x.png */; };
		83F200D41820A11B0048B462 /* Default-568h@2x.png in Resources */ = {isa = PBXBuildFile; fileRef = 83F200D31820A11B0048B462 /* Default-568h@2x.png */; };
		83F200E51820A3770048B462 /* CBMainViewController.m in Sources */ = {isa = PBXBuildFile; fileRef = 83F200E31820A3770048B462 /* CBMainViewController.m */; };
		83F200E61820A3770048B462 /* CBMainViewController.xib in Resources */ = {isa = PBXBuildFile; fileRef = 83F200E41820A3770048B462 /* CBMainViewController.xib */; };
		83FA3C9518225FB8000E0DC7 /* CBInsertUtils.m in Sources */ = {isa = PBXBuildFile; fileRef = 83FA3C9418225FB8000E0DC7 /* CBInsertUtils.m */; };
/* End PBXBuildFile section */

/* Begin PBXFileReference section */
		831ADBE11820C27F00211334 /* NSAlert+MKNetworkKitAdditions.h */ = {isa = PBXFileReference; fileEncoding = 4; lastKnownFileType = sourcecode.c.h; path = "NSAlert+MKNetworkKitAdditions.h"; sourceTree = "<group>"; };
		831ADBE21820C27F00211334 /* NSAlert+MKNetworkKitAdditions.m */ = {isa = PBXFileReference; fileEncoding = 4; lastKnownFileType = sourcecode.c.objc; path = "NSAlert+MKNetworkKitAdditions.m"; sourceTree = "<group>"; };
		831ADBE31820C27F00211334 /* NSData+Base64.h */ = {isa = PBXFileReference; fileEncoding = 4; lastKnownFileType = sourcecode.c.h; path = "NSData+Base64.h"; sourceTree = "<group>"; };
		831ADBE41820C27F00211334 /* NSData+Base64.m */ = {isa = PBXFileReference; fileEncoding = 4; lastKnownFileType = sourcecode.c.objc; path = "NSData+Base64.m"; sourceTree = "<group>"; };
		831ADBE51820C27F00211334 /* NSDate+RFC1123.h */ = {isa = PBXFileReference; fileEncoding = 4; lastKnownFileType = sourcecode.c.h; path = "NSDate+RFC1123.h"; sourceTree = "<group>"; };
		831ADBE61820C27F00211334 /* NSDate+RFC1123.m */ = {isa = PBXFileReference; fileEncoding = 4; lastKnownFileType = sourcecode.c.objc; path = "NSDate+RFC1123.m"; sourceTree = "<group>"; };
		831ADBE71820C27F00211334 /* NSDictionary+RequestEncoding.h */ = {isa = PBXFileReference; fileEncoding = 4; lastKnownFileType = sourcecode.c.h; path = "NSDictionary+RequestEncoding.h"; sourceTree = "<group>"; };
		831ADBE81820C27F00211334 /* NSDictionary+RequestEncoding.m */ = {isa = PBXFileReference; fileEncoding = 4; lastKnownFileType = sourcecode.c.objc; path = "NSDictionary+RequestEncoding.m"; sourceTree = "<group>"; };
		831ADBE91820C27F00211334 /* NSString+MKNetworkKitAdditions.h */ = {isa = PBXFileReference; fileEncoding = 4; lastKnownFileType = sourcecode.c.h; path = "NSString+MKNetworkKitAdditions.h"; sourceTree = "<group>"; };
		831ADBEA1820C27F00211334 /* NSString+MKNetworkKitAdditions.m */ = {isa = PBXFileReference; fileEncoding = 4; lastKnownFileType = sourcecode.c.objc; path = "NSString+MKNetworkKitAdditions.m"; sourceTree = "<group>"; };
		831ADBEB1820C27F00211334 /* UIAlertView+MKNetworkKitAdditions.h */ = {isa = PBXFileReference; fileEncoding = 4; lastKnownFileType = sourcecode.c.h; path = "UIAlertView+MKNetworkKitAdditions.h"; sourceTree = "<group>"; };
		831ADBEC1820C27F00211334 /* UIAlertView+MKNetworkKitAdditions.m */ = {isa = PBXFileReference; fileEncoding = 4; lastKnownFileType = sourcecode.c.objc; path = "UIAlertView+MKNetworkKitAdditions.m"; sourceTree = "<group>"; };
		831ADBED1820C27F00211334 /* MKNetworkEngine.h */ = {isa = PBXFileReference; fileEncoding = 4; lastKnownFileType = sourcecode.c.h; path = MKNetworkEngine.h; sourceTree = "<group>"; };
		831ADBEE1820C27F00211334 /* MKNetworkEngine.m */ = {isa = PBXFileReference; fileEncoding = 4; lastKnownFileType = sourcecode.c.objc; path = MKNetworkEngine.m; sourceTree = "<group>"; };
		831ADBEF1820C27F00211334 /* MKNetworkKit.h */ = {isa = PBXFileReference; fileEncoding = 4; lastKnownFileType = sourcecode.c.h; path = MKNetworkKit.h; sourceTree = "<group>"; };
		831ADBF01820C27F00211334 /* MKNetworkOperation.h */ = {isa = PBXFileReference; fileEncoding = 4; lastKnownFileType = sourcecode.c.h; path = MKNetworkOperation.h; sourceTree = "<group>"; };
		831ADBF11820C27F00211334 /* MKNetworkOperation.m */ = {isa = PBXFileReference; fileEncoding = 4; lastKnownFileType = sourcecode.c.objc; path = MKNetworkOperation.m; sourceTree = "<group>"; };
		831ADBF31820C27F00211334 /* Reachability.h */ = {isa = PBXFileReference; fileEncoding = 4; lastKnownFileType = sourcecode.c.h; path = Reachability.h; sourceTree = "<group>"; };
		831ADBF41820C27F00211334 /* Reachability.m */ = {isa = PBXFileReference; fileEncoding = 4; lastKnownFileType = sourcecode.c.objc; path = Reachability.m; sourceTree = "<group>"; };
		831ADBFE1820C2EB00211334 /* Security.framework */ = {isa = PBXFileReference; lastKnownFileType = wrapper.framework; name = Security.framework; path = System/Library/Frameworks/Security.framework; sourceTree = SDKROOT; };
		831ADC001820C2FD00211334 /* SystemConfiguration.framework */ = {isa = PBXFileReference; lastKnownFileType = wrapper.framework; name = SystemConfiguration.framework; path = System/Library/Frameworks/SystemConfiguration.framework; sourceTree = SDKROOT; };
		831ADC021820C30900211334 /* CFNetwork.framework */ = {isa = PBXFileReference; lastKnownFileType = wrapper.framework; name = CFNetwork.framework; path = System/Library/Frameworks/CFNetwork.framework; sourceTree = SDKROOT; };
		831ADC061820CF5E00211334 /* CBNetWorkEngine.h */ = {isa = PBXFileReference; fileEncoding = 4; lastKnownFileType = sourcecode.c.h; name = CBNetWorkEngine.h; path = CBInsertScreenLIb/inc/NetWorkEngine/CBNetWorkEngine.h; sourceTree = "<group>"; };
		831ADC091820CFC800211334 /* CBNetWorkEngine.m */ = {isa = PBXFileReference; fileEncoding = 4; lastKnownFileType = sourcecode.c.objc; name = CBNetWorkEngine.m; path = CBInsertScreenLIb/src/NetWorkEngine/CBNetWorkEngine.m; sourceTree = "<group>"; };
		831ADC0E1820D27800211334 /* InsertScreen.h */ = {isa = PBXFileReference; fileEncoding = 4; lastKnownFileType = sourcecode.c.h; name = InsertScreen.h; path = CBInsertScreenLIb/inc/InsertScreen.h; sourceTree = "<group>"; };
		831ADC0F1820D42500211334 /* CBGPSEngine.h */ = {isa = PBXFileReference; fileEncoding = 4; lastKnownFileType = sourcecode.c.h; name = CBGPSEngine.h; path = CBInsertScreenLIb/inc/GPS/CBGPSEngine.h; sourceTree = "<group>"; };
		831ADC121820D6C700211334 /* CBGPSEngine.m */ = {isa = PBXFileReference; fileEncoding = 4; lastKnownFileType = sourcecode.c.objc; name = CBGPSEngine.m; path = CBInsertScreenLIb/src/GPS/CBGPSEngine.m; sourceTree = "<group>"; };
		831ADC141820D98200211334 /* CoreLocation.framework */ = {isa = PBXFileReference; lastKnownFileType = wrapper.framework; name = CoreLocation.framework; path = System/Library/Frameworks/CoreLocation.framework; sourceTree = SDKROOT; };
		831ADC161820EBA100211334 /* MapKit.framework */ = {isa = PBXFileReference; lastKnownFileType = wrapper.framework; name = MapKit.framework; path = System/Library/Frameworks/MapKit.framework; sourceTree = SDKROOT; };
		831ADC1A1820FAA400211334 /* CBScreenView.h */ = {isa = PBXFileReference; fileEncoding = 4; lastKnownFileType = sourcecode.c.h; name = CBScreenView.h; path = CBInsertScreenLIb/inc/ScreenView/CBScreenView.h; sourceTree = "<group>"; };
		831ADC1D1820FAE900211334 /* CBScreenView.m */ = {isa = PBXFileReference; fileEncoding = 4; lastKnownFileType = sourcecode.c.objc; name = CBScreenView.m; path = CBInsertScreenLIb/src/ScreenView/CBScreenView.m; sourceTree = "<group>"; };
		831E4D89182350510048E06F /* CoreTelephony.framework */ = {isa = PBXFileReference; lastKnownFileType = wrapper.framework; name = CoreTelephony.framework; path = System/Library/Frameworks/CoreTelephony.framework; sourceTree = SDKROOT; };
		831E4D8B18235AF60048E06F /* AdSupport.framework */ = {isa = PBXFileReference; lastKnownFileType = wrapper.framework; name = AdSupport.framework; path = System/Library/Frameworks/AdSupport.framework; sourceTree = SDKROOT; };
		831E4D8E18235E0E0048E06F /* OpenUDID.h */ = {isa = PBXFileReference; fileEncoding = 4; lastKnownFileType = sourcecode.c.h; path = OpenUDID.h; sourceTree = "<group>"; };
		831E4D8F18235E0E0048E06F /* OpenUDID.m */ = {isa = PBXFileReference; fileEncoding = 4; lastKnownFileType = sourcecode.c.objc; path = OpenUDID.m; sourceTree = "<group>"; };
		831E4D921823976B0048E06F /* main_img_big1.png */ = {isa = PBXFileReference; lastKnownFileType = image.png; path = main_img_big1.png; sourceTree = "<group>"; };
		831E4D931823976B0048E06F /* main_img_big2.png */ = {isa = PBXFileReference; lastKnownFileType = image.png; path = main_img_big2.png; sourceTree = "<group>"; };
		831E4D941823976B0048E06F /* main_img_big3.png */ = {isa = PBXFileReference; lastKnownFileType = image.png; path = main_img_big3.png; sourceTree = "<group>"; };
		831E4D981823A9E00048E06F /* CBInsertScreen.h */ = {isa = PBXFileReference; fileEncoding = 4; lastKnownFileType = sourcecode.c.h; name = CBInsertScreen.h; path = CBInsertScreenLIb/inc/CBInsertScreen.h; sourceTree = "<group>"; };
		831E4D9B1823AA230048E06F /* CBInsertScreen.m */ = {isa = PBXFileReference; fileEncoding = 4; lastKnownFileType = sourcecode.c.objc; name = CBInsertScreen.m; path = CBInsertScreenLIb/src/CBInsertScreen.m; sourceTree = "<group>"; };
		83ED9E7E18274B45004CDCCD /* CBAdvertisementModel.h */ = {isa = PBXFileReference; fileEncoding = 4; lastKnownFileType = sourcecode.c.h; name = CBAdvertisementModel.h; path = CBInsertScreenLIb/inc/Model/CBAdvertisementModel.h; sourceTree = "<group>"; };
		83ED9E8118274B77004CDCCD /* CBAdvertisementModel.m */ = {isa = PBXFileReference; fileEncoding = 4; lastKnownFileType = sourcecode.c.objc; name = CBAdvertisementModel.m; path = CBInsertScreenLIb/src/Model/CBAdvertisementModel.m; sourceTree = "<group>"; };
		83ED9EDA182777DF004CDCCD /* MKAnnotationView+WebCache.h */ = {isa = PBXFileReference; fileEncoding = 4; lastKnownFileType = sourcecode.c.h; path = "MKAnnotationView+WebCache.h"; sourceTree = "<group>"; };
		83ED9EDB182777DF004CDCCD /* MKAnnotationView+WebCache.m */ = {isa = PBXFileReference; fileEncoding = 4; lastKnownFileType = sourcecode.c.objc; path = "MKAnnotationView+WebCache.m"; sourceTree = "<group>"; };
		83ED9EDC182777DF004CDCCD /* NSData+GIF.h */ = {isa = PBXFileReference; fileEncoding = 4; lastKnownFileType = sourcecode.c.h; path = "NSData+GIF.h"; sourceTree = "<group>"; };
		83ED9EDD182777DF004CDCCD /* NSData+GIF.m */ = {isa = PBXFileReference; fileEncoding = 4; lastKnownFileType = sourcecode.c.objc; path = "NSData+GIF.m"; sourceTree = "<group>"; };
		83ED9EDE182777DF004CDCCD /* UIButton+WebCache.h */ = {isa = PBXFileReference; fileEncoding = 4; lastKnownFileType = sourcecode.c.h; path = "UIButton+WebCache.h"; sourceTree = "<group>"; };
		83ED9EDF182777DF004CDCCD /* UIButton+WebCache.m */ = {isa = PBXFileReference; fileEncoding = 4; lastKnownFileType = sourcecode.c.objc; path = "UIButton+WebCache.m"; sourceTree = "<group>"; };
		83ED9EE0182777DF004CDCCD /* UIImage+GIF.h */ = {isa = PBXFileReference; fileEncoding = 4; lastKnownFileType = sourcecode.c.h; path = "UIImage+GIF.h"; sourceTree = "<group>"; };
		83ED9EE1182777DF004CDCCD /* UIImage+GIF.m */ = {isa = PBXFileReference; fileEncoding = 4; lastKnownFileType = sourcecode.c.objc; path = "UIImage+GIF.m"; sourceTree = "<group>"; };
		83ED9EE2182777DF004CDCCD /* UIImage+MultiFormat.h */ = {isa = PBXFileReference; fileEncoding = 4; lastKnownFileType = sourcecode.c.h; path = "UIImage+MultiFormat.h"; sourceTree = "<group>"; };
		83ED9EE3182777DF004CDCCD /* UIImage+MultiFormat.m */ = {isa = PBXFileReference; fileEncoding = 4; lastKnownFileType = sourcecode.c.objc; path = "UIImage+MultiFormat.m"; sourceTree = "<group>"; };
		83ED9EE4182777DF004CDCCD /* UIImage+WebP.h */ = {isa = PBXFileReference; fileEncoding = 4; lastKnownFileType = sourcecode.c.h; path = "UIImage+WebP.h"; sourceTree = "<group>"; };
		83ED9EE5182777DF004CDCCD /* UIImage+WebP.m */ = {isa = PBXFileReference; fileEncoding = 4; lastKnownFileType = sourcecode.c.objc; path = "UIImage+WebP.m"; sourceTree = "<group>"; };
		83ED9EE6182777DF004CDCCD /* UIImageView+WebCache.h */ = {isa = PBXFileReference; fileEncoding = 4; lastKnownFileType = sourcecode.c.h; path = "UIImageView+WebCache.h"; sourceTree = "<group>"; };
		83ED9EE7182777DF004CDCCD /* UIImageView+WebCache.m */ = {isa = PBXFileReference; fileEncoding = 4; lastKnownFileType = sourcecode.c.objc; path = "UIImageView+WebCache.m"; sourceTree = "<group>"; };
		83ED9EEF18277833004CDCCD /* SDWebImageDecoder.h */ = {isa = PBXFileReference; fileEncoding = 4; lastKnownFileType = sourcecode.c.h; path = SDWebImageDecoder.h; sourceTree = "<group>"; };
		83ED9EF018277833004CDCCD /* SDWebImageDecoder.m */ = {isa = PBXFileReference; fileEncoding = 4; lastKnownFileType = sourcecode.c.objc; path = SDWebImageDecoder.m; sourceTree = "<group>"; };
		83ED9EF118277833004CDCCD /* SDWebImageManager.h */ = {isa = PBXFileReference; fileEncoding = 4; lastKnownFileType = sourcecode.c.h; path = SDWebImageManager.h; sourceTree = "<group>"; };
		83ED9EF218277833004CDCCD /* SDWebImageManager.m */ = {isa = PBXFileReference; fileEncoding = 4; lastKnownFileType = sourcecode.c.objc; path = SDWebImageManager.m; sourceTree = "<group>"; };
		83ED9EF318277833004CDCCD /* SDWebImagePrefetcher.h */ = {isa = PBXFileReference; fileEncoding = 4; lastKnownFileType = sourcecode.c.h; path = SDWebImagePrefetcher.h; sourceTree = "<group>"; };
		83ED9EF418277833004CDCCD /* SDWebImagePrefetcher.m */ = {isa = PBXFileReference; fileEncoding = 4; lastKnownFileType = sourcecode.c.objc; path = SDWebImagePrefetcher.m; sourceTree = "<group>"; };
		83ED9EF81827787F004CDCCD /* SDWebImageCompat.h */ = {isa = PBXFileReference; fileEncoding = 4; lastKnownFileType = sourcecode.c.h; path = SDWebImageCompat.h; sourceTree = "<group>"; };
		83ED9EF91827787F004CDCCD /* SDWebImageCompat.m */ = {isa = PBXFileReference; fileEncoding = 4; lastKnownFileType = sourcecode.c.objc; path = SDWebImageCompat.m; sourceTree = "<group>"; };
		83ED9EFA1827787F004CDCCD /* SDWebImageOperation.h */ = {isa = PBXFileReference; fileEncoding = 4; lastKnownFileType = sourcecode.c.h; path = SDWebImageOperation.h; sourceTree = "<group>"; };
		83ED9EFC182778A5004CDCCD /* SDWebImageDownloader.h */ = {isa = PBXFileReference; fileEncoding = 4; lastKnownFileType = sourcecode.c.h; path = SDWebImageDownloader.h; sourceTree = "<group>"; };
		83ED9EFD182778A5004CDCCD /* SDWebImageDownloader.m */ = {isa = PBXFileReference; fileEncoding = 4; lastKnownFileType = sourcecode.c.objc; path = SDWebImageDownloader.m; sourceTree = "<group>"; };
		83ED9EFE182778A5004CDCCD /* SDWebImageDownloaderOperation.h */ = {isa = PBXFileReference; fileEncoding = 4; lastKnownFileType = sourcecode.c.h; path = SDWebImageDownloaderOperation.h; sourceTree = "<group>"; };
		83ED9EFF182778A5004CDCCD /* SDWebImageDownloaderOperation.m */ = {isa = PBXFileReference; fileEncoding = 4; lastKnownFileType = sourcecode.c.objc; path = SDWebImageDownloaderOperation.m; sourceTree = "<group>"; };
		83ED9F02182778CE004CDCCD /* SDImageCache.h */ = {isa = PBXFileReference; fileEncoding = 4; lastKnownFileType = sourcecode.c.h; path = SDImageCache.h; sourceTree = "<group>"; };
		83ED9F03182778CE004CDCCD /* SDImageCache.m */ = {isa = PBXFileReference; fileEncoding = 4; lastKnownFileType = sourcecode.c.objc; path = SDImageCache.m; sourceTree = "<group>"; };
		83ED9F0518277C76004CDCCD /* ImageIO.framework */ = {isa = PBXFileReference; lastKnownFileType = wrapper.framework; name = ImageIO.framework; path = System/Library/Frameworks/ImageIO.framework; sourceTree = SDKROOT; };
		83F200BA1820A11B0048B462 /* CBInsertScreen.app */ = {isa = PBXFileReference; explicitFileType = wrapper.application; includeInIndex = 0; path = CBInsertScreen.app; sourceTree = BUILT_PRODUCTS_DIR; };
		83F200BD1820A11B0048B462 /* UIKit.framework */ = {isa = PBXFileReference; lastKnownFileType = wrapper.framework; name = UIKit.framework; path = System/Library/Frameworks/UIKit.framework; sourceTree = SDKROOT; };
		83F200BF1820A11B0048B462 /* Foundation.framework */ = {isa = PBXFileReference; lastKnownFileType = wrapper.framework; name = Foundation.framework; path = System/Library/Frameworks/Foundation.framework; sourceTree = SDKROOT; };
		83F200C11820A11B0048B462 /* CoreGraphics.framework */ = {isa = PBXFileReference; lastKnownFileType = wrapper.framework; name = CoreGraphics.framework; path = System/Library/Frameworks/CoreGraphics.framework; sourceTree = SDKROOT; };
		83F200C51820A11B0048B462 /* CBInsertScreen-Info.plist */ = {isa = PBXFileReference; lastKnownFileType = text.plist.xml; path = "CBInsertScreen-Info.plist"; sourceTree = "<group>"; };
		83F200C71820A11B0048B462 /* en */ = {isa = PBXFileReference; lastKnownFileType = text.plist.strings; name = en; path = en.lproj/InfoPlist.strings; sourceTree = "<group>"; };
		83F200C91820A11B0048B462 /* main.m */ = {isa = PBXFileReference; lastKnownFileType = sourcecode.c.objc; path = main.m; sourceTree = "<group>"; };
		83F200CB1820A11B0048B462 /* CBInsertScreen-Prefix.pch */ = {isa = PBXFileReference; lastKnownFileType = sourcecode.c.h; path = "CBInsertScreen-Prefix.pch"; sourceTree = "<group>"; };
		83F200CC1820A11B0048B462 /* CBAppDelegate.h */ = {isa = PBXFileReference; lastKnownFileType = sourcecode.c.h; path = CBAppDelegate.h; sourceTree = "<group>"; };
		83F200CD1820A11B0048B462 /* CBAppDelegate.m */ = {isa = PBXFileReference; lastKnownFileType = sourcecode.c.objc; path = CBAppDelegate.m; sourceTree = "<group>"; };
		83F200CF1820A11B0048B462 /* Default.png */ = {isa = PBXFileReference; lastKnownFileType = image.png; path = Default.png; sourceTree = "<group>"; };
		83F200D11820A11B0048B462 /* Default@2x.png */ = {isa = PBXFileReference; lastKnownFileType = image.png; path = "Default@2x.png"; sourceTree = "<group>"; };
		83F200D31820A11B0048B462 /* Default-568h@2x.png */ = {isa = PBXFileReference; lastKnownFileType = image.png; path = "Default-568h@2x.png"; sourceTree = "<group>"; };
		83F200E21820A3770048B462 /* CBMainViewController.h */ = {isa = PBXFileReference; fileEncoding = 4; lastKnownFileType = sourcecode.c.h; name = CBMainViewController.h; path = MainView/CBMainViewController.h; sourceTree = "<group>"; };
		83F200E31820A3770048B462 /* CBMainViewController.m */ = {isa = PBXFileReference; fileEncoding = 4; lastKnownFileType = sourcecode.c.objc; name = CBMainViewController.m; path = MainView/CBMainViewController.m; sourceTree = "<group>"; };
		83F200E41820A3770048B462 /* CBMainViewController.xib */ = {isa = PBXFileReference; fileEncoding = 4; lastKnownFileType = file.xib; name = CBMainViewController.xib; path = MainView/CBMainViewController.xib; sourceTree = "<group>"; };
		83FA3C9118225DEF000E0DC7 /* CBInsertUtils.h */ = {isa = PBXFileReference; fileEncoding = 4; lastKnownFileType = sourcecode.c.h; name = CBInsertUtils.h; path = CBInsertScreenLIb/inc/common/CBInsertUtils.h; sourceTree = "<group>"; };
		83FA3C9418225FB8000E0DC7 /* CBInsertUtils.m */ = {isa = PBXFileReference; fileEncoding = 4; lastKnownFileType = sourcecode.c.objc; name = CBInsertUtils.m; path = CBInsertScreenLIb/src/common/CBInsertUtils.m; sourceTree = "<group>"; };
		83FA3C96182263DE000E0DC7 /* CBInsert.h */ = {isa = PBXFileReference; lastKnownFileType = sourcecode.c.h; name = CBInsert.h; path = CBInsertScreenLIb/inc/common/CBInsert.h; sourceTree = "<group>"; };
/* End PBXFileReference section */

/* Begin PBXFrameworksBuildPhase section */
		83F200B71820A11B0048B462 /* Frameworks */ = {
			isa = PBXFrameworksBuildPhase;
			buildActionMask = 2147483647;
			files = (
				83ED9F0618277C76004CDCCD /* ImageIO.framework in Frameworks */,
				831E4D8C18235AF60048E06F /* AdSupport.framework in Frameworks */,
				831E4D8A182350510048E06F /* CoreTelephony.framework in Frameworks */,
				831ADC171820EBA100211334 /* MapKit.framework in Frameworks */,
				831ADC151820D98200211334 /* CoreLocation.framework in Frameworks */,
				831ADC031820C30900211334 /* CFNetwork.framework in Frameworks */,
				831ADC011820C2FD00211334 /* SystemConfiguration.framework in Frameworks */,
				831ADBFF1820C2EB00211334 /* Security.framework in Frameworks */,
				83F200BE1820A11B0048B462 /* UIKit.framework in Frameworks */,
				83F200C01820A11B0048B462 /* Foundation.framework in Frameworks */,
				83F200C21820A11B0048B462 /* CoreGraphics.framework in Frameworks */,
			);
			runOnlyForDeploymentPostprocessing = 0;
		};
/* End PBXFrameworksBuildPhase section */

/* Begin PBXGroup section */
		831ADAEC1820BA4A00211334 /* ThirdLib */ = {
			isa = PBXGroup;
			children = (
				83ED9E8318276B76004CDCCD /* SDWebImage */,
				831E4D8D18235E0E0048E06F /* OpenUDID */,
				831ADBDF1820C27F00211334 /* MKNetworkKit */,
			);
			name = ThirdLib;
			sourceTree = "<group>";
		};
		831ADBDF1820C27F00211334 /* MKNetworkKit */ = {
			isa = PBXGroup;
			children = (
				831ADBE01820C27F00211334 /* Categories */,
				831ADBED1820C27F00211334 /* MKNetworkEngine.h */,
				831ADBEE1820C27F00211334 /* MKNetworkEngine.m */,
				831ADBEF1820C27F00211334 /* MKNetworkKit.h */,
				831ADBF01820C27F00211334 /* MKNetworkOperation.h */,
				831ADBF11820C27F00211334 /* MKNetworkOperation.m */,
				831ADBF21820C27F00211334 /* Reachability */,
			);
			name = MKNetworkKit;
			path = ThirdLib/MKNetworkKit;
			sourceTree = "<group>";
		};
		831ADBE01820C27F00211334 /* Categories */ = {
			isa = PBXGroup;
			children = (
				831ADBE11820C27F00211334 /* NSAlert+MKNetworkKitAdditions.h */,
				831ADBE21820C27F00211334 /* NSAlert+MKNetworkKitAdditions.m */,
				831ADBE31820C27F00211334 /* NSData+Base64.h */,
				831ADBE41820C27F00211334 /* NSData+Base64.m */,
				831ADBE51820C27F00211334 /* NSDate+RFC1123.h */,
				831ADBE61820C27F00211334 /* NSDate+RFC1123.m */,
				831ADBE71820C27F00211334 /* NSDictionary+RequestEncoding.h */,
				831ADBE81820C27F00211334 /* NSDictionary+RequestEncoding.m */,
				831ADBE91820C27F00211334 /* NSString+MKNetworkKitAdditions.h */,
				831ADBEA1820C27F00211334 /* NSString+MKNetworkKitAdditions.m */,
				831ADBEB1820C27F00211334 /* UIAlertView+MKNetworkKitAdditions.h */,
				831ADBEC1820C27F00211334 /* UIAlertView+MKNetworkKitAdditions.m */,
			);
			path = Categories;
			sourceTree = "<group>";
		};
		831ADBF21820C27F00211334 /* Reachability */ = {
			isa = PBXGroup;
			children = (
				831ADBF31820C27F00211334 /* Reachability.h */,
				831ADBF41820C27F00211334 /* Reachability.m */,
			);
			path = Reachability;
			sourceTree = "<group>";
		};
		831ADC041820C34D00211334 /* NetWorkEngine */ = {
			isa = PBXGroup;
			children = (
				831ADC061820CF5E00211334 /* CBNetWorkEngine.h */,
			);
			name = NetWorkEngine;
			sourceTree = "<group>";
		};
		831ADC051820CEE600211334 /* NetWorkEngine */ = {
			isa = PBXGroup;
			children = (
				831ADC091820CFC800211334 /* CBNetWorkEngine.m */,
			);
			name = NetWorkEngine;
			sourceTree = "<group>";
		};
		831ADC0C1820D24000211334 /* GPS */ = {
			isa = PBXGroup;
			children = (
				831ADC0F1820D42500211334 /* CBGPSEngine.h */,
			);
			name = GPS;
			sourceTree = "<group>";
		};
		831ADC0D1820D24F00211334 /* GPS */ = {
			isa = PBXGroup;
			children = (
				831ADC121820D6C700211334 /* CBGPSEngine.m */,
			);
			name = GPS;
			sourceTree = "<group>";
		};
		831ADC181820FA5100211334 /* ScreenView */ = {
			isa = PBXGroup;
			children = (
				831ADC1A1820FAA400211334 /* CBScreenView.h */,
			);
			name = ScreenView;
			sourceTree = "<group>";
		};
		831ADC191820FA7000211334 /* ScreenView */ = {
			isa = PBXGroup;
			children = (
				831ADC1D1820FAE900211334 /* CBScreenView.m */,
			);
			name = ScreenView;
			sourceTree = "<group>";
		};
		831E4D8D18235E0E0048E06F /* OpenUDID */ = {
			isa = PBXGroup;
			children = (
				831E4D8E18235E0E0048E06F /* OpenUDID.h */,
				831E4D8F18235E0E0048E06F /* OpenUDID.m */,
			);
			name = OpenUDID;
			path = ThirdLib/OpenUDID;
			sourceTree = "<group>";
		};
		831E4D911823976B0048E06F /* resource */ = {
			isa = PBXGroup;
			children = (
				831E4D921823976B0048E06F /* main_img_big1.png */,
				831E4D931823976B0048E06F /* main_img_big2.png */,
				831E4D941823976B0048E06F /* main_img_big3.png */,
			);
			path = resource;
			sourceTree = "<group>";
		};
		83ED9E7C18274ADA004CDCCD /* Model */ = {
			isa = PBXGroup;
			children = (
				83ED9E7E18274B45004CDCCD /* CBAdvertisementModel.h */,
			);
			name = Model;
			sourceTree = "<group>";
		};
		83ED9E7D18274AE8004CDCCD /* Model */ = {
			isa = PBXGroup;
			children = (
				83ED9E8118274B77004CDCCD /* CBAdvertisementModel.m */,
			);
			name = Model;
			sourceTree = "<group>";
		};
		83ED9E8318276B76004CDCCD /* SDWebImage */ = {
			isa = PBXGroup;
			children = (
				83ED9F02182778CE004CDCCD /* SDImageCache.h */,
				83ED9F03182778CE004CDCCD /* SDImageCache.m */,
				83ED9EFC182778A5004CDCCD /* SDWebImageDownloader.h */,
				83ED9EFD182778A5004CDCCD /* SDWebImageDownloader.m */,
				83ED9EFE182778A5004CDCCD /* SDWebImageDownloaderOperation.h */,
				83ED9EFF182778A5004CDCCD /* SDWebImageDownloaderOperation.m */,
				83ED9EF81827787F004CDCCD /* SDWebImageCompat.h */,
				83ED9EF91827787F004CDCCD /* SDWebImageCompat.m */,
				83ED9EFA1827787F004CDCCD /* SDWebImageOperation.h */,
				83ED9EEF18277833004CDCCD /* SDWebImageDecoder.h */,
				83ED9EF018277833004CDCCD /* SDWebImageDecoder.m */,
				83ED9EF118277833004CDCCD /* SDWebImageManager.h */,
				83ED9EF218277833004CDCCD /* SDWebImageManager.m */,
				83ED9EF318277833004CDCCD /* SDWebImagePrefetcher.h */,
				83ED9EF418277833004CDCCD /* SDWebImagePrefetcher.m */,
				83ED9EDA182777DF004CDCCD /* MKAnnotationView+WebCache.h */,
				83ED9EDB182777DF004CDCCD /* MKAnnotationView+WebCache.m */,
				83ED9EDC182777DF004CDCCD /* NSData+GIF.h */,
				83ED9EDD182777DF004CDCCD /* NSData+GIF.m */,
				83ED9EDE182777DF004CDCCD /* UIButton+WebCache.h */,
				83ED9EDF182777DF004CDCCD /* UIButton+WebCache.m */,
				83ED9EE0182777DF004CDCCD /* UIImage+GIF.h */,
				83ED9EE1182777DF004CDCCD /* UIImage+GIF.m */,
				83ED9EE2182777DF004CDCCD /* UIImage+MultiFormat.h */,
				83ED9EE3182777DF004CDCCD /* UIImage+MultiFormat.m */,
				83ED9EE4182777DF004CDCCD /* UIImage+WebP.h */,
				83ED9EE5182777DF004CDCCD /* UIImage+WebP.m */,
				83ED9EE6182777DF004CDCCD /* UIImageView+WebCache.h */,
				83ED9EE7182777DF004CDCCD /* UIImageView+WebCache.m */,
			);
			name = SDWebImage;
			path = ThirdLib/SDWebImage;
			sourceTree = "<group>";
		};
		83F200B11820A11B0048B462 = {
			isa = PBXGroup;
			children = (
				831E4D911823976B0048E06F /* resource */,
				831ADAEC1820BA4A00211334 /* ThirdLib */,
				83F200E11820A3440048B462 /* CBinsertScreenLib */,
				83F200E01820A3340048B462 /* MainView */,
				83F200C31820A11B0048B462 /* CBInsertScreen */,
				83F200BC1820A11B0048B462 /* Frameworks */,
				83F200BB1820A11B0048B462 /* Products */,
			);
			sourceTree = "<group>";
		};
		83F200BB1820A11B0048B462 /* Products */ = {
			isa = PBXGroup;
			children = (
				83F200BA1820A11B0048B462 /* CBInsertScreen.app */,
			);
			name = Products;
			sourceTree = "<group>";
		};
		83F200BC1820A11B0048B462 /* Frameworks */ = {
			isa = PBXGroup;
			children = (
				83ED9F0518277C76004CDCCD /* ImageIO.framework */,
				831E4D8B18235AF60048E06F /* AdSupport.framework */,
				831E4D89182350510048E06F /* CoreTelephony.framework */,
				831ADC161820EBA100211334 /* MapKit.framework */,
				831ADC141820D98200211334 /* CoreLocation.framework */,
				831ADC021820C30900211334 /* CFNetwork.framework */,
				831ADC001820C2FD00211334 /* SystemConfiguration.framework */,
				831ADBFE1820C2EB00211334 /* Security.framework */,
				83F200BD1820A11B0048B462 /* UIKit.framework */,
				83F200BF1820A11B0048B462 /* Foundation.framework */,
				83F200C11820A11B0048B462 /* CoreGraphics.framework */,
			);
			name = Frameworks;
			sourceTree = "<group>";
		};
		83F200C31820A11B0048B462 /* CBInsertScreen */ = {
			isa = PBXGroup;
			children = (
				83F200CC1820A11B0048B462 /* CBAppDelegate.h */,
				83F200CD1820A11B0048B462 /* CBAppDelegate.m */,
				83F200C41820A11B0048B462 /* Supporting Files */,
			);
			path = CBInsertScreen;
			sourceTree = "<group>";
		};
		83F200C41820A11B0048B462 /* Supporting Files */ = {
			isa = PBXGroup;
			children = (
				83F200C51820A11B0048B462 /* CBInsertScreen-Info.plist */,
				83F200C61820A11B0048B462 /* InfoPlist.strings */,
				83F200C91820A11B0048B462 /* main.m */,
				83F200CB1820A11B0048B462 /* CBInsertScreen-Prefix.pch */,
				83F200CF1820A11B0048B462 /* Default.png */,
				83F200D11820A11B0048B462 /* Default@2x.png */,
				83F200D31820A11B0048B462 /* Default-568h@2x.png */,
			);
			name = "Supporting Files";
			sourceTree = "<group>";
		};
		83F200E01820A3340048B462 /* MainView */ = {
			isa = PBXGroup;
			children = (
				83F200E21820A3770048B462 /* CBMainViewController.h */,
				83F200E31820A3770048B462 /* CBMainViewController.m */,
				83F200E41820A3770048B462 /* CBMainViewController.xib */,
			);
			name = MainView;
			sourceTree = "<group>";
		};
		83F200E11820A3440048B462 /* CBinsertScreenLib */ = {
			isa = PBXGroup;
			children = (
				83F200E71820A4130048B462 /* inc */,
				83F200E81820A41F0048B462 /* src */,
			);
			name = CBinsertScreenLib;
			sourceTree = "<group>";
		};
		83F200E71820A4130048B462 /* inc */ = {
			isa = PBXGroup;
			children = (
				831ADC0E1820D27800211334 /* InsertScreen.h */,
				831E4D981823A9E00048E06F /* CBInsertScreen.h */,
				83ED9E7C18274ADA004CDCCD /* Model */,
				83FA3C8F18225DAB000E0DC7 /* common */,
				831ADC181820FA5100211334 /* ScreenView */,
				831ADC041820C34D00211334 /* NetWorkEngine */,
				831ADC0C1820D24000211334 /* GPS */,
			);
			name = inc;
			sourceTree = "<group>";
		};
		83F200E81820A41F0048B462 /* src */ = {
			isa = PBXGroup;
			children = (
				831E4D9B1823AA230048E06F /* CBInsertScreen.m */,
				83ED9E7D18274AE8004CDCCD /* Model */,
				83FA3C9018225DB8000E0DC7 /* common */,
				831ADC191820FA7000211334 /* ScreenView */,
				831ADC0D1820D24F00211334 /* GPS */,
				831ADC051820CEE600211334 /* NetWorkEngine */,
			);
			name = src;
			sourceTree = "<group>";
		};
		83FA3C8F18225DAB000E0DC7 /* common */ = {
			isa = PBXGroup;
			children = (
				83FA3C9118225DEF000E0DC7 /* CBInsertUtils.h */,
				83FA3C96182263DE000E0DC7 /* CBInsert.h */,
			);
			name = common;
			sourceTree = "<group>";
		};
		83FA3C9018225DB8000E0DC7 /* common */ = {
			isa = PBXGroup;
			children = (
				83FA3C9418225FB8000E0DC7 /* CBInsertUtils.m */,
			);
			name = common;
			sourceTree = "<group>";
		};
/* End PBXGroup section */

/* Begin PBXNativeTarget section */
		83F200B91820A11B0048B462 /* CBInsertScreen */ = {
			isa = PBXNativeTarget;
			buildConfigurationList = 83F200D71820A11B0048B462 /* Build configuration list for PBXNativeTarget "CBInsertScreen" */;
			buildPhases = (
				83F200B61820A11B0048B462 /* Sources */,
				83F200B71820A11B0048B462 /* Frameworks */,
				83F200B81820A11B0048B462 /* Resources */,
			);
			buildRules = (
			);
			dependencies = (
			);
			name = CBInsertScreen;
			productName = CBInsertScreen;
			productReference = 83F200BA1820A11B0048B462 /* CBInsertScreen.app */;
			productType = "com.apple.product-type.application";
		};
/* End PBXNativeTarget section */

/* Begin PBXProject section */
		83F200B21820A11B0048B462 /* Project object */ = {
			isa = PBXProject;
			attributes = {
				CLASSPREFIX = CB;
				LastUpgradeCheck = 0460;
				ORGANIZATIONNAME = CB;
			};
			buildConfigurationList = 83F200B51820A11B0048B462 /* Build configuration list for PBXProject "CBInsertScreen" */;
			compatibilityVersion = "Xcode 3.2";
			developmentRegion = English;
			hasScannedForEncodings = 0;
			knownRegions = (
				en,
			);
			mainGroup = 83F200B11820A11B0048B462;
			productRefGroup = 83F200BB1820A11B0048B462 /* Products */;
			projectDirPath = "";
			projectRoot = "";
			targets = (
				83F200B91820A11B0048B462 /* CBInsertScreen */,
			);
		};
/* End PBXProject section */

/* Begin PBXResourcesBuildPhase section */
		83F200B81820A11B0048B462 /* Resources */ = {
			isa = PBXResourcesBuildPhase;
			buildActionMask = 2147483647;
			files = (
				831E4D951823976B0048E06F /* main_img_big1.png in Resources */,
				83F200C81820A11B0048B462 /* InfoPlist.strings in Resources */,
				831E4D961823976B0048E06F /* main_img_big2.png in Resources */,
				83F200D01820A11B0048B462 /* Default.png in Resources */,
				83F200D21820A11B0048B462 /* Default@2x.png in Resources */,
				83F200D41820A11B0048B462 /* Default-568h@2x.png in Resources */,
				831E4D971823976B0048E06F /* main_img_big3.png in Resources */,
				83F200E61820A3770048B462 /* CBMainViewController.xib in Resources */,
			);
			runOnlyForDeploymentPostprocessing = 0;
		};
/* End PBXResourcesBuildPhase section */

/* Begin PBXSourcesBuildPhase section */
		83F200B61820A11B0048B462 /* Sources */ = {
			isa = PBXSourcesBuildPhase;
			buildActionMask = 2147483647;
			files = (
				83ED9F01182778A5004CDCCD /* SDWebImageDownloaderOperation.m in Sources */,
				83ED9EF518277833004CDCCD /* SDWebImageDecoder.m in Sources */,
				83F200CA1820A11B0048B462 /* main.m in Sources */,
				83ED9EED182777DF004CDCCD /* UIImage+WebP.m in Sources */,
				831ADC131820D6C700211334 /* CBGPSEngine.m in Sources */,
				831ADBF81820C27F00211334 /* NSDictionary+RequestEncoding.m in Sources */,
				83F200CE1820A11B0048B462 /* CBAppDelegate.m in Sources */,
				831E4D9018235E0E0048E06F /* OpenUDID.m in Sources */,
				831ADBF61820C27F00211334 /* NSData+Base64.m in Sources */,
				83FA3C9518225FB8000E0DC7 /* CBInsertUtils.m in Sources */,
				83F200E51820A3770048B462 /* CBMainViewController.m in Sources */,
				831ADBFC1820C27F00211334 /* MKNetworkOperation.m in Sources */,
				83ED9EE9182777DF004CDCCD /* NSData+GIF.m in Sources */,
				831E4D9C1823AA230048E06F /* CBInsertScreen.m in Sources */,
				83ED9EE8182777DF004CDCCD /* MKAnnotationView+WebCache.m in Sources */,
				831ADBFA1820C27F00211334 /* UIAlertView+MKNetworkKitAdditions.m in Sources */,
				831ADC1E1820FAE900211334 /* CBScreenView.m in Sources */,
				831ADBFB1820C27F00211334 /* MKNetworkEngine.m in Sources */,
				831ADBF51820C27F00211334 /* NSAlert+MKNetworkKitAdditions.m in Sources */,
				831ADBF91820C27F00211334 /* NSString+MKNetworkKitAdditions.m in Sources */,
				83ED9EEB182777DF004CDCCD /* UIImage+GIF.m in Sources */,
				83ED9EF718277833004CDCCD /* SDWebImagePrefetcher.m in Sources */,
				83ED9EF618277833004CDCCD /* SDWebImageManager.m in Sources */,
				831ADC0A1820CFC800211334 /* CBNetWorkEngine.m in Sources */,
				83ED9F00182778A5004CDCCD /* SDWebImageDownloader.m in Sources */,
				831ADBFD1820C27F00211334 /* Reachability.m in Sources */,
				83ED9EEA182777DF004CDCCD /* UIButton+WebCache.m in Sources */,
				83ED9EEE182777DF004CDCCD /* UIImageView+WebCache.m in Sources */,
				83ED9F04182778CF004CDCCD /* SDImageCache.m in Sources */,
				83ED9EEC182777DF004CDCCD /* UIImage+MultiFormat.m in Sources */,
				83ED9EFB1827787F004CDCCD /* SDWebImageCompat.m in Sources */,
				83ED9E8218274B77004CDCCD /* CBAdvertisementModel.m in Sources */,
				831ADBF71820C27F00211334 /* NSDate+RFC1123.m in Sources */,
			);
			runOnlyForDeploymentPostprocessing = 0;
		};
/* End PBXSourcesBuildPhase section */

/* Begin PBXVariantGroup section */
		83F200C61820A11B0048B462 /* InfoPlist.strings */ = {
			isa = PBXVariantGroup;
			children = (
				83F200C71820A11B0048B462 /* en */,
			);
			name = InfoPlist.strings;
			sourceTree = "<group>";
		};
/* End PBXVariantGroup section */

/* Begin XCBuildConfiguration section */
		83F200D51820A11B0048B462 /* Debug */ = {
			isa = XCBuildConfiguration;
			buildSettings = {
				ALWAYS_SEARCH_USER_PATHS = NO;
				CLANG_CXX_LANGUAGE_STANDARD = "gnu++0x";
				CLANG_CXX_LIBRARY = "libc++";
				CLANG_ENABLE_OBJC_ARC = YES;
				CLANG_WARN_CONSTANT_CONVERSION = YES;
				CLANG_WARN_EMPTY_BODY = YES;
				CLANG_WARN_ENUM_CONVERSION = YES;
				CLANG_WARN_INT_CONVERSION = YES;
				CLANG_WARN__DUPLICATE_METHOD_MATCH = YES;
				"CODE_SIGN_IDENTITY[sdk=iphoneos*]" = "iPhone Developer";
				COPY_PHASE_STRIP = NO;
				GCC_C_LANGUAGE_STANDARD = gnu99;
				GCC_DYNAMIC_NO_PIC = NO;
				GCC_OPTIMIZATION_LEVEL = 0;
				GCC_PREPROCESSOR_DEFINITIONS = (
					"DEBUG=1",
					"$(inherited)",
				);
				GCC_SYMBOLS_PRIVATE_EXTERN = NO;
				GCC_WARN_ABOUT_RETURN_TYPE = YES;
				GCC_WARN_UNINITIALIZED_AUTOS = YES;
				GCC_WARN_UNUSED_VARIABLE = YES;
				IPHONEOS_DEPLOYMENT_TARGET = 6.1;
				ONLY_ACTIVE_ARCH = YES;
				SDKROOT = iphoneos;
			};
			name = Debug;
		};
		83F200D61820A11B0048B462 /* Release */ = {
			isa = XCBuildConfiguration;
			buildSettings = {
				ALWAYS_SEARCH_USER_PATHS = NO;
				CLANG_CXX_LANGUAGE_STANDARD = "gnu++0x";
				CLANG_CXX_LIBRARY = "libc++";
				CLANG_ENABLE_OBJC_ARC = YES;
				CLANG_WARN_CONSTANT_CONVERSION = YES;
				CLANG_WARN_EMPTY_BODY = YES;
				CLANG_WARN_ENUM_CONVERSION = YES;
				CLANG_WARN_INT_CONVERSION = YES;
				CLANG_WARN__DUPLICATE_METHOD_MATCH = YES;
				"CODE_SIGN_IDENTITY[sdk=iphoneos*]" = "iPhone Developer";
				COPY_PHASE_STRIP = YES;
				GCC_C_LANGUAGE_STANDARD = gnu99;
				GCC_WARN_ABOUT_RETURN_TYPE = YES;
				GCC_WARN_UNINITIALIZED_AUTOS = YES;
				GCC_WARN_UNUSED_VARIABLE = YES;
				IPHONEOS_DEPLOYMENT_TARGET = 6.1;
				OTHER_CFLAGS = "-DNS_BLOCK_ASSERTIONS=1";
				SDKROOT = iphoneos;
				VALIDATE_PRODUCT = YES;
			};
			name = Release;
		};
		83F200D81820A11B0048B462 /* Debug */ = {
			isa = XCBuildConfiguration;
			buildSettings = {
				GCC_PRECOMPILE_PREFIX_HEADER = YES;
				GCC_PREFIX_HEADER = "CBInsertScreen/CBInsertScreen-Prefix.pch";
				INFOPLIST_FILE = "CBInsertScreen/CBInsertScreen-Info.plist";
				IPHONEOS_DEPLOYMENT_TARGET = 7.0;
				PRODUCT_NAME = "$(TARGET_NAME)";
				TARGETED_DEVICE_FAMILY = "1,2";
				WRAPPER_EXTENSION = app;
			};
			name = Debug;
		};
		83F200D91820A11B0048B462 /* Release */ = {
			isa = XCBuildConfiguration;
			buildSettings = {
				GCC_PRECOMPILE_PREFIX_HEADER = YES;
				GCC_PREFIX_HEADER = "CBInsertScreen/CBInsertScreen-Prefix.pch";
				INFOPLIST_FILE = "CBInsertScreen/CBInsertScreen-Info.plist";
				IPHONEOS_DEPLOYMENT_TARGET = 7.0;
				PRODUCT_NAME = "$(TARGET_NAME)";
				TARGETED_DEVICE_FAMILY = "1,2";
				WRAPPER_EXTENSION = app;
			};
			name = Release;
		};
/* End XCBuildConfiguration section */

/* Begin XCConfigurationList section */
		83F200B51820A11B0048B462 /* Build configuration list for PBXProject "CBInsertScreen" */ = {
			isa = XCConfigurationList;
			buildConfigurations = (
				83F200D51820A11B0048B462 /* Debug */,
				83F200D61820A11B0048B462 /* Release */,
			);
			defaultConfigurationIsVisible = 0;
			defaultConfigurationName = Release;
		};
		83F200D71820A11B0048B462 /* Build configuration list for PBXNativeTarget "CBInsertScreen" */ = {
			isa = XCConfigurationList;
			buildConfigurations = (
				83F200D81820A11B0048B462 /* Debug */,
				83F200D91820A11B0048B462 /* Release */,
			);
			defaultConfigurationIsVisible = 0;
			defaultConfigurationName = Release;
		};
/* End XCConfigurationList section */
	};
	rootObject = 83F200B21820A11B0048B462 /* Project object */;
}
